// !$*UTF8*$!
{
	archiveVersion = 1;
	classes = {
	};
	objectVersion = 77;
	objects = {

/* Begin PBXBuildFile section */
		012A892206B32DEC8A2110B0 /* ClientMessageTests.swift in Sources */ = {isa = PBXBuildFile; fileRef = 206C4A298A73ED320E047198 /* ClientMessageTests.swift */; };
		0314D5F8691A821426C55BFA /* DeltaCoalescerTests.swift in Sources */ = {isa = PBXBuildFile; fileRef = 97AF6D675618F9919DC7109F /* DeltaCoalescerTests.swift */; };
		08501172A5F351A59380B5CC /* ToolEventMapper.swift in Sources */ = {isa = PBXBuildFile; fileRef = C06696CA5DCCEC76D0CE3828 /* ToolEventMapper.swift */; };
		09219F8F9F0D348168F1C8F7 /* SessionToolbar.swift in Sources */ = {isa = PBXBuildFile; fileRef = 17BC1F5D3879551804B1BAFF /* SessionToolbar.swift */; };
		09305DEDAB33D780C4403E7B /* PermissionOverlay.swift in Sources */ = {isa = PBXBuildFile; fileRef = 92C7D88982F34A04A39F1D9B /* PermissionOverlay.swift */; };
		0B67197E311F2623289FD81A /* SkillFileView.swift in Sources */ = {isa = PBXBuildFile; fileRef = FE8BF21D6C156F0F77FECA04 /* SkillFileView.swift */; };
		0BCA6F517272CDBA05C707AF /* ToolOutputViews.swift in Sources */ = {isa = PBXBuildFile; fileRef = 715F733E36E0AE0530B0C9F7 /* ToolOutputViews.swift */; };
		0CDC79210DE75AD51CDAA849 /* WorkspaceEditView.swift in Sources */ = {isa = PBXBuildFile; fileRef = 41138A2740BCE3047AEC3C31 /* WorkspaceEditView.swift */; };
		0E571112E774D24AFC465706 /* AgentEvent.swift in Sources */ = {isa = PBXBuildFile; fileRef = DCEDBC58A51E2D1C83C9DCA9 /* AgentEvent.swift */; };
		141D07423E047229D444399B /* SlashCommand.swift in Sources */ = {isa = PBXBuildFile; fileRef = 790A1E87E8A671E35EF301AF /* SlashCommand.swift */; };
		14309C8A93F1F4BD98C80F55 /* ExpandedComposerView.swift in Sources */ = {isa = PBXBuildFile; fileRef = 147F9772A1FC07121F59FC25 /* ExpandedComposerView.swift */; };
		14A7078618D926BB914D5294 /* CommonMarkParser.swift in Sources */ = {isa = PBXBuildFile; fileRef = F5D2B54C7B82E80EB4E59B1F /* CommonMarkParser.swift */; };
		1511FE3BAAF6916BFA8AB742 /* Assets.xcassets in Resources */ = {isa = PBXBuildFile; fileRef = 655E683F732A6DD6D89C7B5E /* Assets.xcassets */; };
		188F2C334762D1FD99D57C57 /* PiRemoteActivityBundle.swift in Sources */ = {isa = PBXBuildFile; fileRef = F4EFA7F0B39A7B71963486A1 /* PiRemoteActivityBundle.swift */; };
		1CB8C4B633343C8C13CEDD40 /* ChatActionHandlerTests.swift in Sources */ = {isa = PBXBuildFile; fileRef = AFB48B8A52818E94B175B085 /* ChatActionHandlerTests.swift */; };
		1DC7C19A0C5B1DCD699BBE25 /* AppTheme.swift in Sources */ = {isa = PBXBuildFile; fileRef = 945EBDEF6049A990DFB82FCB /* AppTheme.swift */; };
		1ECA1DCD5260377D83824B89 /* BugBashTests.swift in Sources */ = {isa = PBXBuildFile; fileRef = 9F4D120F241018190D2864E9 /* BugBashTests.swift */; };
		27963E6DAA6946CAEBDCD913 /* PiSessionLiveActivity.swift in Sources */ = {isa = PBXBuildFile; fileRef = 290C7D18A904F794098DC500 /* PiSessionLiveActivity.swift */; };
		2C33B54BE67F9B7EF77D135E /* PermissionNotificationService.swift in Sources */ = {isa = PBXBuildFile; fileRef = F48CF794EA0D1104ED92719D /* PermissionNotificationService.swift */; };
		2D1F1E4B820B38748096E134 /* ToolOutputStoreTests.swift in Sources */ = {isa = PBXBuildFile; fileRef = 58B8690684C2F377D4CE008B /* ToolOutputStoreTests.swift */; };
		307B06A57DD1CDF9A3DE94AA /* WorkspaceListView.swift in Sources */ = {isa = PBXBuildFile; fileRef = 38C30F8070319CEE497EE9C6 /* WorkspaceListView.swift */; };
		364D6E6F594F193FABDCF505 /* WorkspacePickerView.swift in Sources */ = {isa = PBXBuildFile; fileRef = 704293CEFCACEFEF0473464C /* WorkspacePickerView.swift */; };
		36BEA62D9242DC24C1A0EDE9 /* ContentView.swift in Sources */ = {isa = PBXBuildFile; fileRef = 939BF41C9FA5D3701505F155 /* ContentView.swift */; };
		3884B04D33C350031B59BD28 /* Session.swift in Sources */ = {isa = PBXBuildFile; fileRef = F60F4C02D84E6FEE7FA1BE86 /* Session.swift */; };
		40D0F9F5BA0985CD615C3DF5 /* SyntaxHighlighter.swift in Sources */ = {isa = PBXBuildFile; fileRef = 501F5B7526999641A52A1592 /* SyntaxHighlighter.swift */; };
		4A52D4E9154A3F1F7864945B /* ThemeCatalog.swift in Sources */ = {isa = PBXBuildFile; fileRef = 1BE94BEDFBF18A7DBBF2C092 /* ThemeCatalog.swift */; };
		4B09C91D8066CCF451BC4A6B /* JSONValue.swift in Sources */ = {isa = PBXBuildFile; fileRef = BEF1D408FC2BE8E14D73296B /* JSONValue.swift */; };
		4B31DCC213CA009F295BCFF5 /* ANSIParserTests.swift in Sources */ = {isa = PBXBuildFile; fileRef = 00C54A3CD5A04BBF02FEF8B4 /* ANSIParserTests.swift */; };
		4EEA0BF6A26EFDD93295461E /* ToolCallFormatting.swift in Sources */ = {isa = PBXBuildFile; fileRef = 07CCC4D9F6C8B211D0B5F8DC /* ToolCallFormatting.swift */; };
		50372223320E92B7D9578819 /* SkillDetail.swift in Sources */ = {isa = PBXBuildFile; fileRef = F497B3B8F96A3C366B111431 /* SkillDetail.swift */; };
		50D600BA984BE6C3A015ED44 /* QRScannerView.swift in Sources */ = {isa = PBXBuildFile; fileRef = 659E3FD240AECDAAEBE07498 /* QRScannerView.swift */; };
		51BCF208AD399133ABD84426 /* String+Path.swift in Sources */ = {isa = PBXBuildFile; fileRef = E679D43BBC0711B5853B22D1 /* String+Path.swift */; };
		5338DD7A57C06CCB05C4B579 /* StoreTests.swift in Sources */ = {isa = PBXBuildFile; fileRef = B71E9E16CFB8AB508021535F /* StoreTests.swift */; };
		54BECCB2045664881CD5BB2B /* ChatItemRow.swift in Sources */ = {isa = PBXBuildFile; fileRef = 35CF4A93EC7E28C9E5DAEAB3 /* ChatItemRow.swift */; };
		56D211B002117B82D1188C96 /* PiRemoteActivityExtension.appex in Embed Foundation Extensions */ = {isa = PBXBuildFile; fileRef = 105C9781EE3A6D4D7384E2B6 /* PiRemoteActivityExtension.appex */; settings = {ATTRIBUTES = (RemoveHeadersOnCopy, ); }; };
		56F2F83599540629ED1B0ACB /* WorkspaceHomeView.swift in Sources */ = {isa = PBXBuildFile; fileRef = 7BA0339C652A50E194939755 /* WorkspaceHomeView.swift */; };
		5949F7380051B13522C0B41F /* Date+Relative.swift in Sources */ = {isa = PBXBuildFile; fileRef = E1D762AE7B5B31BF2A72C3AD /* Date+Relative.swift */; };
		5A1F31EB2C34C944AB0E23D2 /* SessionStatus+Color.swift in Sources */ = {isa = PBXBuildFile; fileRef = F4BD3E1A593A48C75CDF41EA /* SessionStatus+Color.swift */; };
		5C22B9737382BA847C674178 /* ClientMessage.swift in Sources */ = {isa = PBXBuildFile; fileRef = 514F2F044A6DF4912D0266B6 /* ClientMessage.swift */; };
		5D63586C9597E690F079A74C /* PastableTextView.swift in Sources */ = {isa = PBXBuildFile; fileRef = 7EDB857E6F9CDCF609317A69 /* PastableTextView.swift */; };
		5FA6A70BEA5297098CAE324F /* ServerMessage.swift in Sources */ = {isa = PBXBuildFile; fileRef = 43035BCBAFC7BB0825974E3C /* ServerMessage.swift */; };
		61A8E085D509A028319F5C91 /* LiveActivityManager.swift in Sources */ = {isa = PBXBuildFile; fileRef = 408ADD1A4ABE340F2827A3EC /* LiveActivityManager.swift */; };
		6622EDE64518E556414276F2 /* ToolCallFormattingTests.swift in Sources */ = {isa = PBXBuildFile; fileRef = 25E3EA5E8186D3A3CA7AD836 /* ToolCallFormattingTests.swift */; };
		66E8CB03B68EE82F10C2035D /* PushRegistration.swift in Sources */ = {isa = PBXBuildFile; fileRef = 894905609E5EDFA819F4E242 /* PushRegistration.swift */; };
		6777229DB279DB36503F5A4A /* TimelineReducer.swift in Sources */ = {isa = PBXBuildFile; fileRef = A1C8D30344E312367E4D75F3 /* TimelineReducer.swift */; };
		67BE69AAC9ACC67E0B323615 /* SessionListView.swift in Sources */ = {isa = PBXBuildFile; fileRef = 200DB881C49D74BED2252482 /* SessionListView.swift */; };
		67F811989AA8E5DA5BD755DD /* RemoteFileView.swift in Sources */ = {isa = PBXBuildFile; fileRef = 248C61B4D779D39F7610F12A /* RemoteFileView.swift */; };
		6B08610AFCFE8B18C4C0335B /* ServerConnectionTests.swift in Sources */ = {isa = PBXBuildFile; fileRef = 02C84A544C0BA51554BB4D5B /* ServerConnectionTests.swift */; };
		6C0B20B360E22D65EB882B5A /* PermissionSheet.swift in Sources */ = {isa = PBXBuildFile; fileRef = 0684DA798A5602EA50D5CB85 /* PermissionSheet.swift */; };
		70281981DDE69AD88F50577D /* Duration+Ms.swift in Sources */ = {isa = PBXBuildFile; fileRef = 4E1471F608449EA594AE3428 /* Duration+Ms.swift */; };
		721698784FFA22CA059D368F /* Color+TokyoNight.swift in Sources */ = {isa = PBXBuildFile; fileRef = CC086B059E915C9EAD7D8FE5 /* Color+TokyoNight.swift */; };
		745DE7FA215889CDF26289C3 /* ToolEventMapperTests.swift in Sources */ = {isa = PBXBuildFile; fileRef = EF530609040E6F7D847D433A /* ToolEventMapperTests.swift */; };
		78A8A95C67FBD88FAFDCDDDB /* SlashBuiltinCommand.swift in Sources */ = {isa = PBXBuildFile; fileRef = A9058F546557E7B12547D14B /* SlashBuiltinCommand.swift */; };
		79E7B3C5424B1721A1577B2D /* PiSessionAttributes.swift in Sources */ = {isa = PBXBuildFile; fileRef = 558F1300B7516F7D0E152AF7 /* PiSessionAttributes.swift */; };
		7A91A4623F6BBAF51F006971 /* ChatSessionManagerTests.swift in Sources */ = {isa = PBXBuildFile; fileRef = 81C556E47EBE8E0892BA60A4 /* ChatSessionManagerTests.swift */; };
		7B9263DDA5617367B687AA61 /* WorkspaceCreateView.swift in Sources */ = {isa = PBXBuildFile; fileRef = 2AFC3E37C7B526B5A42284FB /* WorkspaceCreateView.swift */; };
		7B92EC83A01A805A0B5E3974 /* AudioPlayerService.swift in Sources */ = {isa = PBXBuildFile; fileRef = 578D86EFC4685762C1B4DE66 /* AudioPlayerService.swift */; };
		7DE1CAE1361D5F99D03AE7DE /* SessionStore.swift in Sources */ = {isa = PBXBuildFile; fileRef = CDDBC64524561A846EB1B5DD /* SessionStore.swift */; };
		7EFB94AC72BAABC35B91F210 /* PiRemoteApp.swift in Sources */ = {isa = PBXBuildFile; fileRef = 4990CF73A91F605AD54A7555 /* PiRemoteApp.swift */; };
		7F7F30C3C5576CD693546C3D /* WorkspaceDetailView.swift in Sources */ = {isa = PBXBuildFile; fileRef = C1B3724C3B85510A88989844 /* WorkspaceDetailView.swift */; };
		803278EF0E6DEC613C6FC0B9 /* NewSessionView.swift in Sources */ = {isa = PBXBuildFile; fileRef = 47D0EF1EB9AC4E659EFF189A /* NewSessionView.swift */; };
		8083C42EFA7B0D7B6B202984 /* ViewLogicTests.swift in Sources */ = {isa = PBXBuildFile; fileRef = FCC64DE07733A4328799F831 /* ViewLogicTests.swift */; };
		81B2AED9418D60C199E2AEEA /* Permission.swift in Sources */ = {isa = PBXBuildFile; fileRef = 6E48BF6A339B6DC5EABD7DB3 /* Permission.swift */; };
		81DDF45FD9097B21D5B5C19E /* ThemeStore.swift in Sources */ = {isa = PBXBuildFile; fileRef = AAF5EEF12F830AC5DCAC8705 /* ThemeStore.swift */; };
		83AC9AB1FDC5350016648457 /* TraceRenderingTests.swift in Sources */ = {isa = PBXBuildFile; fileRef = 150FACA1AA01B30E2930F456 /* TraceRenderingTests.swift */; };
		841F402E6B01FD3AA3CFA071 /* ExtensionTests.swift in Sources */ = {isa = PBXBuildFile; fileRef = BAB567D57A4525EFA7BE231D /* ExtensionTests.swift */; };
		85CB70C347FC0D83EB7D4F99 /* SessionOutlineView.swift in Sources */ = {isa = PBXBuildFile; fileRef = 43AE3C48CDEFD7CBE99CD4E9 /* SessionOutlineView.swift */; };
		90527CF9AE59AA1789C22034 /* ChatScrollController.swift in Sources */ = {isa = PBXBuildFile; fileRef = 140CA7DBC6CAA45C781BA8AC /* ChatScrollController.swift */; };
		919A2018C0F793AC0EC3B8E5 /* ReliabilityTests.swift in Sources */ = {isa = PBXBuildFile; fileRef = F406BF19C47F85FCC415F11E /* ReliabilityTests.swift */; };
		924398E277AC0450E9FE5651 /* SettingsView.swift in Sources */ = {isa = PBXBuildFile; fileRef = A7D1CD6714251972D5CA72CF /* SettingsView.swift */; };
		9D1FD84E4CC741C4F4811692 /* ServerMessageTests.swift in Sources */ = {isa = PBXBuildFile; fileRef = BDEB88E6AC09331BB0FC98EB /* ServerMessageTests.swift */; };
		A14CC8E28575AB4C47164228 /* ComposerAutocomplete.swift in Sources */ = {isa = PBXBuildFile; fileRef = C91077E6485EBEBA88438F97 /* ComposerAutocomplete.swift */; };
		A39FB6D1897D4B42ED4AF9A6 /* APIClientTests.swift in Sources */ = {isa = PBXBuildFile; fileRef = 0B0A5AF285BABC2028366AEE /* APIClientTests.swift */; };
		A5A674587AC2C6EAC84A0DE8 /* SkillDetailView.swift in Sources */ = {isa = PBXBuildFile; fileRef = 79803687708EC0FAED865C2B /* SkillDetailView.swift */; };
		A7065950B16BB36E62515271 /* ChatScrollControllerTests.swift in Sources */ = {isa = PBXBuildFile; fileRef = A79F7530A89DF7956CD5BC96 /* ChatScrollControllerTests.swift */; };
		A8FA2BB959357259440E88F6 /* FullScreenCodeView.swift in Sources */ = {isa = PBXBuildFile; fileRef = 4785082EAFA17AC31A057A26 /* FullScreenCodeView.swift */; };
		AA366EA915A53D82534FAB38 /* DiffEngine.swift in Sources */ = {isa = PBXBuildFile; fileRef = 176AD99191BDEE46858DD2F4 /* DiffEngine.swift */; };
		AE8BBB810195A621AF76593A /* User.swift in Sources */ = {isa = PBXBuildFile; fileRef = 05C25225B9A9221FDC45AD97 /* User.swift */; };
		AE9D3373E4CF05A3F73083C7 /* NotificationDesign.md in Resources */ = {isa = PBXBuildFile; fileRef = EC07E2160B26D370161A1B78 /* NotificationDesign.md */; };
		B2D48A82F49308FDDEEC0733 /* TraceEvent.swift in Sources */ = {isa = PBXBuildFile; fileRef = 9D355D19FC094C143A378BF6 /* TraceEvent.swift */; };
		B5031ADAA3355D045E27727B /* AppNavigation.swift in Sources */ = {isa = PBXBuildFile; fileRef = BE7E71EA2AD2FDC3AE02F5E4 /* AppNavigation.swift */; };
		B55F437384AEEDA49918111E /* ChatInputBar.swift in Sources */ = {isa = PBXBuildFile; fileRef = F3A38759A27ADC510792167D /* ChatInputBar.swift */; };
		B89109A2CD98E0D79EF30AB4 /* ANSIParser.swift in Sources */ = {isa = PBXBuildFile; fileRef = A8EAF4FFCFAA25D087D18552 /* ANSIParser.swift */; };
		B8E5C7B0B609AEC32218DEE1 /* ImageBlobView.swift in Sources */ = {isa = PBXBuildFile; fileRef = D3DF7F0E2B9D8E526A9456B0 /* ImageBlobView.swift */; };
		B92CC504F2EDCE16DAFF216A /* CommonMarkTests.swift in Sources */ = {isa = PBXBuildFile; fileRef = 291034AD44CB95E19AB1BFF8 /* CommonMarkTests.swift */; };
		BA8943862537096F225562E3 /* RestorationState.swift in Sources */ = {isa = PBXBuildFile; fileRef = 2A2343A19E6EB27C1E490ABD /* RestorationState.swift */; };
		BCECDF1C99DE1C7EA43908AF /* OnboardingView.swift in Sources */ = {isa = PBXBuildFile; fileRef = C80160CCDF40F340EA8025F5 /* OnboardingView.swift */; };
		BCF260E4D13A3A34BF35BD3F /* AppDelegate.swift in Sources */ = {isa = PBXBuildFile; fileRef = 87ED025A0130149955936E35 /* AppDelegate.swift */; };
		BD3BF1AEB31A0E10074BCC24 /* StreamRecoveryTests.swift in Sources */ = {isa = PBXBuildFile; fileRef = 1AC388845426D70938268999 /* StreamRecoveryTests.swift */; };
		C10D53B535F7095D62A170EA /* WebSocketClient.swift in Sources */ = {isa = PBXBuildFile; fileRef = 26B2A8AE505FD594DFAED820 /* WebSocketClient.swift */; };
		C14125CD33E9DC16BEEC4FB4 /* DiffContentView.swift in Sources */ = {isa = PBXBuildFile; fileRef = E0F2D4440E84DF0AD0158533 /* DiffContentView.swift */; };
		C1B1ACA347E9DE2AE3681EF5 /* ChatItem.swift in Sources */ = {isa = PBXBuildFile; fileRef = 156A7741E2CC887589A9CE87 /* ChatItem.swift */; };
		C1C9D7112232103E1E774D81 /* BiometricService.swift in Sources */ = {isa = PBXBuildFile; fileRef = 0D437B94F46C721CBFEE37BE /* BiometricService.swift */; };
		C4305C1027BEDE91377103E9 /* CameraPicker.swift in Sources */ = {isa = PBXBuildFile; fileRef = D162CF283E45E2270E7E08E4 /* CameraPicker.swift */; };
		C4F262A182A61D91F8D3C954 /* Markdown in Frameworks */ = {isa = PBXBuildFile; productRef = 191A6388ED4E496736CAFA07 /* Markdown */; };
		C55011EA3C234A481A044D22 /* TimelineReducerTests.swift in Sources */ = {isa = PBXBuildFile; fileRef = 95BB6730161E5072C2BF9B14 /* TimelineReducerTests.swift */; };
		C7C6F817DC6BE8D0997FB72D /* DeltaCoalescer.swift in Sources */ = {isa = PBXBuildFile; fileRef = 34AEE5CDCB03C508B0F1B9CB /* DeltaCoalescer.swift */; };
		C9F6A96A69F5D34F201CE248 /* ModelCodableTests.swift in Sources */ = {isa = PBXBuildFile; fileRef = B293D6E9C050AE164F00B090 /* ModelCodableTests.swift */; };
		CAD2D351312E9CE628EF950B /* KeychainService.swift in Sources */ = {isa = PBXBuildFile; fileRef = 8EA344CE7ED310FDCE9E27D8 /* KeychainService.swift */; };
		CB2C02207CF59354D68E2EBB /* PiSessionAttributes.swift in Sources */ = {isa = PBXBuildFile; fileRef = 558F1300B7516F7D0E152AF7 /* PiSessionAttributes.swift */; };
		CC47806B476A327E3CDD64A6 /* ChatActionHandler.swift in Sources */ = {isa = PBXBuildFile; fileRef = 92ED24D59D17368B05638D73 /* ChatActionHandler.swift */; };
		CCAC237C59C2110BF78C9349 /* MarkdownNode.swift in Sources */ = {isa = PBXBuildFile; fileRef = 3C7F9B03CAD15EC0E31B437C /* MarkdownNode.swift */; };
		CD16DEBB722A17907C3E7AE4 /* Color+Risk.swift in Sources */ = {isa = PBXBuildFile; fileRef = 6D197C657454A5256DA60ABE /* Color+Risk.swift */; };
		CDEEEA14C07672FE67E1AEFF /* Workspace.swift in Sources */ = {isa = PBXBuildFile; fileRef = B90FF603AFD7F95CA44E5F86 /* Workspace.swift */; };
		D2899DA5197EB5BBCD3C54D2 /* TimelineCache.swift in Sources */ = {isa = PBXBuildFile; fileRef = 0D9A8D6A736B809653023FE1 /* TimelineCache.swift */; };
		D4A8F119463421C535DC4DED /* JSONValueTests.swift in Sources */ = {isa = PBXBuildFile; fileRef = 108301BD38A4D852833168AB /* JSONValueTests.swift */; };
		D658BD52DC1373DA79C6A6EA /* ServerConnection.swift in Sources */ = {isa = PBXBuildFile; fileRef = 22010943971C0EDDFC498D5A /* ServerConnection.swift */; };
		D9B6DB2ED8921A2C0B631437 /* SlashCommandSuggestionList.swift in Sources */ = {isa = PBXBuildFile; fileRef = 6843AE75A2319A3D8AF1983F /* SlashCommandSuggestionList.swift */; };
		DB427F7A4F45A545B1726CB9 /* WorkspaceStore.swift in Sources */ = {isa = PBXBuildFile; fileRef = D434834136531787C34E9D36 /* WorkspaceStore.swift */; };
		DC53783269EDC611FC99BA19 /* MarkdownText.swift in Sources */ = {isa = PBXBuildFile; fileRef = 9C238BF9362AD80733909886 /* MarkdownText.swift */; };
		DDF10921F1FCE3DE9CC15873 /* RestorationStateTests.swift in Sources */ = {isa = PBXBuildFile; fileRef = AAD27CC7C00F7378A1603B1F /* RestorationStateTests.swift */; };
		E0CB2D6349BD25417789B617 /* PermissionPill.swift in Sources */ = {isa = PBXBuildFile; fileRef = 2A2670E4D1038932D7EFCC02 /* PermissionPill.swift */; };
		EA278BCFE6BDE2F146B56038 /* FileContentView.swift in Sources */ = {isa = PBXBuildFile; fileRef = 3927141F5066F7F8A2466047 /* FileContentView.swift */; };
		F0A02D7B10E316B74786F431 /* PermissionStore.swift in Sources */ = {isa = PBXBuildFile; fileRef = CE0BD6E6820EB1ED75232AC6 /* PermissionStore.swift */; };
		F0C4E51F8644FD6224B0BB74 /* APIClient.swift in Sources */ = {isa = PBXBuildFile; fileRef = 40473E786BBCFCBECED61FDC /* APIClient.swift */; };
		F0F9F6E83931ECE9227EAB0C /* AppIcon.icon in Resources */ = {isa = PBXBuildFile; fileRef = BC4BC035C1C9CB3DBFF3E983 /* AppIcon.icon */; };
		F251C92D2686703FFBE4D2E8 /* ModelPickerSheet.swift in Sources */ = {isa = PBXBuildFile; fileRef = FC13F8C7B28016E2E7CC8B95 /* ModelPickerSheet.swift */; };
		F3898F89C200513A5B086089 /* SkillInfo.swift in Sources */ = {isa = PBXBuildFile; fileRef = 94311526F16A51F704F76BF3 /* SkillInfo.swift */; };
		FAC8BB0222FE599C74B56DA5 /* ChatSessionManager.swift in Sources */ = {isa = PBXBuildFile; fileRef = F55C8E9B1003BA343891ED70 /* ChatSessionManager.swift */; };
		FBF05BA551893C9F05939D50 /* ChatView.swift in Sources */ = {isa = PBXBuildFile; fileRef = 1016DBA2FECCA45A32D73E54 /* ChatView.swift */; };
		FF26D315C62ED51DDD63101C /* KeychainServiceTests.swift in Sources */ = {isa = PBXBuildFile; fileRef = 84FBDA920005635321E99D78 /* KeychainServiceTests.swift */; };
/* End PBXBuildFile section */

/* Begin PBXContainerItemProxy section */
		71692E388638C4B9D0E436F7 /* PBXContainerItemProxy */ = {
			isa = PBXContainerItemProxy;
			containerPortal = BC9FFCD82F977D13E08B3A24 /* Project object */;
			proxyType = 1;
			remoteGlobalIDString = BC9E1572A399E5D215D943A2;
			remoteInfo = PiRemote;
		};
		BCF02681A47DFDE6362F5A1B /* PBXContainerItemProxy */ = {
			isa = PBXContainerItemProxy;
			containerPortal = BC9FFCD82F977D13E08B3A24 /* Project object */;
			proxyType = 1;
			remoteGlobalIDString = 4C6E5615836913F3533B4062;
			remoteInfo = PiRemoteActivityExtension;
		};
/* End PBXContainerItemProxy section */

/* Begin PBXCopyFilesBuildPhase section */
		5E11671A939C8A78CAF0CD45 /* Embed Foundation Extensions */ = {
			isa = PBXCopyFilesBuildPhase;
			buildActionMask = 2147483647;
			dstPath = "";
			dstSubfolderSpec = 13;
			files = (
				56D211B002117B82D1188C96 /* PiRemoteActivityExtension.appex in Embed Foundation Extensions */,
			);
			name = "Embed Foundation Extensions";
			runOnlyForDeploymentPostprocessing = 0;
		};
/* End PBXCopyFilesBuildPhase section */

/* Begin PBXFileReference section */
		00C54A3CD5A04BBF02FEF8B4 /* ANSIParserTests.swift */ = {isa = PBXFileReference; lastKnownFileType = sourcecode.swift; path = ANSIParserTests.swift; sourceTree = "<group>"; };
		02C84A544C0BA51554BB4D5B /* ServerConnectionTests.swift */ = {isa = PBXFileReference; lastKnownFileType = sourcecode.swift; path = ServerConnectionTests.swift; sourceTree = "<group>"; };
		05C25225B9A9221FDC45AD97 /* User.swift */ = {isa = PBXFileReference; lastKnownFileType = sourcecode.swift; path = User.swift; sourceTree = "<group>"; };
		0684DA798A5602EA50D5CB85 /* PermissionSheet.swift */ = {isa = PBXFileReference; lastKnownFileType = sourcecode.swift; path = PermissionSheet.swift; sourceTree = "<group>"; };
		07CCC4D9F6C8B211D0B5F8DC /* ToolCallFormatting.swift */ = {isa = PBXFileReference; lastKnownFileType = sourcecode.swift; path = ToolCallFormatting.swift; sourceTree = "<group>"; };
		0888458C044380F5317A4652 /* PiRemoteTests.xctest */ = {isa = PBXFileReference; includeInIndex = 0; lastKnownFileType = wrapper.cfbundle; path = PiRemoteTests.xctest; sourceTree = BUILT_PRODUCTS_DIR; };
		0B0A5AF285BABC2028366AEE /* APIClientTests.swift */ = {isa = PBXFileReference; lastKnownFileType = sourcecode.swift; path = APIClientTests.swift; sourceTree = "<group>"; };
		0D437B94F46C721CBFEE37BE /* BiometricService.swift */ = {isa = PBXFileReference; lastKnownFileType = sourcecode.swift; path = BiometricService.swift; sourceTree = "<group>"; };
		0D9A8D6A736B809653023FE1 /* TimelineCache.swift */ = {isa = PBXFileReference; lastKnownFileType = sourcecode.swift; path = TimelineCache.swift; sourceTree = "<group>"; };
		1016DBA2FECCA45A32D73E54 /* ChatView.swift */ = {isa = PBXFileReference; lastKnownFileType = sourcecode.swift; path = ChatView.swift; sourceTree = "<group>"; };
		105C9781EE3A6D4D7384E2B6 /* PiRemoteActivityExtension.appex */ = {isa = PBXFileReference; includeInIndex = 0; lastKnownFileType = "wrapper.app-extension"; path = PiRemoteActivityExtension.appex; sourceTree = BUILT_PRODUCTS_DIR; };
		108301BD38A4D852833168AB /* JSONValueTests.swift */ = {isa = PBXFileReference; lastKnownFileType = sourcecode.swift; path = JSONValueTests.swift; sourceTree = "<group>"; };
		140CA7DBC6CAA45C781BA8AC /* ChatScrollController.swift */ = {isa = PBXFileReference; lastKnownFileType = sourcecode.swift; path = ChatScrollController.swift; sourceTree = "<group>"; };
		147F9772A1FC07121F59FC25 /* ExpandedComposerView.swift */ = {isa = PBXFileReference; lastKnownFileType = sourcecode.swift; path = ExpandedComposerView.swift; sourceTree = "<group>"; };
		150FACA1AA01B30E2930F456 /* TraceRenderingTests.swift */ = {isa = PBXFileReference; lastKnownFileType = sourcecode.swift; path = TraceRenderingTests.swift; sourceTree = "<group>"; };
		156A7741E2CC887589A9CE87 /* ChatItem.swift */ = {isa = PBXFileReference; lastKnownFileType = sourcecode.swift; path = ChatItem.swift; sourceTree = "<group>"; };
		176AD99191BDEE46858DD2F4 /* DiffEngine.swift */ = {isa = PBXFileReference; lastKnownFileType = sourcecode.swift; path = DiffEngine.swift; sourceTree = "<group>"; };
		17BC1F5D3879551804B1BAFF /* SessionToolbar.swift */ = {isa = PBXFileReference; lastKnownFileType = sourcecode.swift; path = SessionToolbar.swift; sourceTree = "<group>"; };
		1AC388845426D70938268999 /* StreamRecoveryTests.swift */ = {isa = PBXFileReference; lastKnownFileType = sourcecode.swift; path = StreamRecoveryTests.swift; sourceTree = "<group>"; };
		1BE94BEDFBF18A7DBBF2C092 /* ThemeCatalog.swift */ = {isa = PBXFileReference; lastKnownFileType = sourcecode.swift; path = ThemeCatalog.swift; sourceTree = "<group>"; };
		200DB881C49D74BED2252482 /* SessionListView.swift */ = {isa = PBXFileReference; lastKnownFileType = sourcecode.swift; path = SessionListView.swift; sourceTree = "<group>"; };
		206C4A298A73ED320E047198 /* ClientMessageTests.swift */ = {isa = PBXFileReference; lastKnownFileType = sourcecode.swift; path = ClientMessageTests.swift; sourceTree = "<group>"; };
		22010943971C0EDDFC498D5A /* ServerConnection.swift */ = {isa = PBXFileReference; lastKnownFileType = sourcecode.swift; path = ServerConnection.swift; sourceTree = "<group>"; };
		248C61B4D779D39F7610F12A /* RemoteFileView.swift */ = {isa = PBXFileReference; lastKnownFileType = sourcecode.swift; path = RemoteFileView.swift; sourceTree = "<group>"; };
		25E3EA5E8186D3A3CA7AD836 /* ToolCallFormattingTests.swift */ = {isa = PBXFileReference; lastKnownFileType = sourcecode.swift; path = ToolCallFormattingTests.swift; sourceTree = "<group>"; };
		26B2A8AE505FD594DFAED820 /* WebSocketClient.swift */ = {isa = PBXFileReference; lastKnownFileType = sourcecode.swift; path = WebSocketClient.swift; sourceTree = "<group>"; };
		290C7D18A904F794098DC500 /* PiSessionLiveActivity.swift */ = {isa = PBXFileReference; lastKnownFileType = sourcecode.swift; path = PiSessionLiveActivity.swift; sourceTree = "<group>"; };
		291034AD44CB95E19AB1BFF8 /* CommonMarkTests.swift */ = {isa = PBXFileReference; lastKnownFileType = sourcecode.swift; path = CommonMarkTests.swift; sourceTree = "<group>"; };
		2A2343A19E6EB27C1E490ABD /* RestorationState.swift */ = {isa = PBXFileReference; lastKnownFileType = sourcecode.swift; path = RestorationState.swift; sourceTree = "<group>"; };
		2A2670E4D1038932D7EFCC02 /* PermissionPill.swift */ = {isa = PBXFileReference; lastKnownFileType = sourcecode.swift; path = PermissionPill.swift; sourceTree = "<group>"; };
		2AFC3E37C7B526B5A42284FB /* WorkspaceCreateView.swift */ = {isa = PBXFileReference; lastKnownFileType = sourcecode.swift; path = WorkspaceCreateView.swift; sourceTree = "<group>"; };
		34AEE5CDCB03C508B0F1B9CB /* DeltaCoalescer.swift */ = {isa = PBXFileReference; lastKnownFileType = sourcecode.swift; path = DeltaCoalescer.swift; sourceTree = "<group>"; };
		3570D2683936F90608584387 /* PiRemote.app */ = {isa = PBXFileReference; includeInIndex = 0; lastKnownFileType = wrapper.application; path = PiRemote.app; sourceTree = BUILT_PRODUCTS_DIR; };
		35CF4A93EC7E28C9E5DAEAB3 /* ChatItemRow.swift */ = {isa = PBXFileReference; lastKnownFileType = sourcecode.swift; path = ChatItemRow.swift; sourceTree = "<group>"; };
		38C30F8070319CEE497EE9C6 /* WorkspaceListView.swift */ = {isa = PBXFileReference; lastKnownFileType = sourcecode.swift; path = WorkspaceListView.swift; sourceTree = "<group>"; };
		3927141F5066F7F8A2466047 /* FileContentView.swift */ = {isa = PBXFileReference; lastKnownFileType = sourcecode.swift; path = FileContentView.swift; sourceTree = "<group>"; };
		3C7F9B03CAD15EC0E31B437C /* MarkdownNode.swift */ = {isa = PBXFileReference; lastKnownFileType = sourcecode.swift; path = MarkdownNode.swift; sourceTree = "<group>"; };
		40473E786BBCFCBECED61FDC /* APIClient.swift */ = {isa = PBXFileReference; lastKnownFileType = sourcecode.swift; path = APIClient.swift; sourceTree = "<group>"; };
		408ADD1A4ABE340F2827A3EC /* LiveActivityManager.swift */ = {isa = PBXFileReference; lastKnownFileType = sourcecode.swift; path = LiveActivityManager.swift; sourceTree = "<group>"; };
		41138A2740BCE3047AEC3C31 /* WorkspaceEditView.swift */ = {isa = PBXFileReference; lastKnownFileType = sourcecode.swift; path = WorkspaceEditView.swift; sourceTree = "<group>"; };
		43035BCBAFC7BB0825974E3C /* ServerMessage.swift */ = {isa = PBXFileReference; lastKnownFileType = sourcecode.swift; path = ServerMessage.swift; sourceTree = "<group>"; };
		43AE3C48CDEFD7CBE99CD4E9 /* SessionOutlineView.swift */ = {isa = PBXFileReference; lastKnownFileType = sourcecode.swift; path = SessionOutlineView.swift; sourceTree = "<group>"; };
		4785082EAFA17AC31A057A26 /* FullScreenCodeView.swift */ = {isa = PBXFileReference; lastKnownFileType = sourcecode.swift; path = FullScreenCodeView.swift; sourceTree = "<group>"; };
		47D0EF1EB9AC4E659EFF189A /* NewSessionView.swift */ = {isa = PBXFileReference; lastKnownFileType = sourcecode.swift; path = NewSessionView.swift; sourceTree = "<group>"; };
		4990CF73A91F605AD54A7555 /* PiRemoteApp.swift */ = {isa = PBXFileReference; lastKnownFileType = sourcecode.swift; path = PiRemoteApp.swift; sourceTree = "<group>"; };
		4E1471F608449EA594AE3428 /* Duration+Ms.swift */ = {isa = PBXFileReference; lastKnownFileType = sourcecode.swift; path = "Duration+Ms.swift"; sourceTree = "<group>"; };
		501F5B7526999641A52A1592 /* SyntaxHighlighter.swift */ = {isa = PBXFileReference; lastKnownFileType = sourcecode.swift; path = SyntaxHighlighter.swift; sourceTree = "<group>"; };
		514F2F044A6DF4912D0266B6 /* ClientMessage.swift */ = {isa = PBXFileReference; lastKnownFileType = sourcecode.swift; path = ClientMessage.swift; sourceTree = "<group>"; };
		558F1300B7516F7D0E152AF7 /* PiSessionAttributes.swift */ = {isa = PBXFileReference; lastKnownFileType = sourcecode.swift; path = PiSessionAttributes.swift; sourceTree = "<group>"; };
		578D86EFC4685762C1B4DE66 /* AudioPlayerService.swift */ = {isa = PBXFileReference; lastKnownFileType = sourcecode.swift; path = AudioPlayerService.swift; sourceTree = "<group>"; };
		58B8690684C2F377D4CE008B /* ToolOutputStoreTests.swift */ = {isa = PBXFileReference; lastKnownFileType = sourcecode.swift; path = ToolOutputStoreTests.swift; sourceTree = "<group>"; };
		655E683F732A6DD6D89C7B5E /* Assets.xcassets */ = {isa = PBXFileReference; lastKnownFileType = folder.assetcatalog; path = Assets.xcassets; sourceTree = "<group>"; };
		659E3FD240AECDAAEBE07498 /* QRScannerView.swift */ = {isa = PBXFileReference; lastKnownFileType = sourcecode.swift; path = QRScannerView.swift; sourceTree = "<group>"; };
		6843AE75A2319A3D8AF1983F /* SlashCommandSuggestionList.swift */ = {isa = PBXFileReference; lastKnownFileType = sourcecode.swift; path = SlashCommandSuggestionList.swift; sourceTree = "<group>"; };
		6D197C657454A5256DA60ABE /* Color+Risk.swift */ = {isa = PBXFileReference; lastKnownFileType = sourcecode.swift; path = "Color+Risk.swift"; sourceTree = "<group>"; };
		6E48BF6A339B6DC5EABD7DB3 /* Permission.swift */ = {isa = PBXFileReference; lastKnownFileType = sourcecode.swift; path = Permission.swift; sourceTree = "<group>"; };
		704293CEFCACEFEF0473464C /* WorkspacePickerView.swift */ = {isa = PBXFileReference; lastKnownFileType = sourcecode.swift; path = WorkspacePickerView.swift; sourceTree = "<group>"; };
		715F733E36E0AE0530B0C9F7 /* ToolOutputViews.swift */ = {isa = PBXFileReference; lastKnownFileType = sourcecode.swift; path = ToolOutputViews.swift; sourceTree = "<group>"; };
		76F94862014FE63C2C12EAFF /* Info.plist */ = {isa = PBXFileReference; lastKnownFileType = text.plist; path = Info.plist; sourceTree = "<group>"; };
		790A1E87E8A671E35EF301AF /* SlashCommand.swift */ = {isa = PBXFileReference; lastKnownFileType = sourcecode.swift; path = SlashCommand.swift; sourceTree = "<group>"; };
		79803687708EC0FAED865C2B /* SkillDetailView.swift */ = {isa = PBXFileReference; lastKnownFileType = sourcecode.swift; path = SkillDetailView.swift; sourceTree = "<group>"; };
		7B247F32830F0E2E9DD6FC5D /* PiRemote.entitlements */ = {isa = PBXFileReference; lastKnownFileType = text.plist.entitlements; path = PiRemote.entitlements; sourceTree = "<group>"; };
		7BA0339C652A50E194939755 /* WorkspaceHomeView.swift */ = {isa = PBXFileReference; lastKnownFileType = sourcecode.swift; path = WorkspaceHomeView.swift; sourceTree = "<group>"; };
		7EDB857E6F9CDCF609317A69 /* PastableTextView.swift */ = {isa = PBXFileReference; lastKnownFileType = sourcecode.swift; path = PastableTextView.swift; sourceTree = "<group>"; };
		81C556E47EBE8E0892BA60A4 /* ChatSessionManagerTests.swift */ = {isa = PBXFileReference; lastKnownFileType = sourcecode.swift; path = ChatSessionManagerTests.swift; sourceTree = "<group>"; };
		84FBDA920005635321E99D78 /* KeychainServiceTests.swift */ = {isa = PBXFileReference; lastKnownFileType = sourcecode.swift; path = KeychainServiceTests.swift; sourceTree = "<group>"; };
		87ED025A0130149955936E35 /* AppDelegate.swift */ = {isa = PBXFileReference; lastKnownFileType = sourcecode.swift; path = AppDelegate.swift; sourceTree = "<group>"; };
		894905609E5EDFA819F4E242 /* PushRegistration.swift */ = {isa = PBXFileReference; lastKnownFileType = sourcecode.swift; path = PushRegistration.swift; sourceTree = "<group>"; };
		8EA344CE7ED310FDCE9E27D8 /* KeychainService.swift */ = {isa = PBXFileReference; lastKnownFileType = sourcecode.swift; path = KeychainService.swift; sourceTree = "<group>"; };
		92C7D88982F34A04A39F1D9B /* PermissionOverlay.swift */ = {isa = PBXFileReference; lastKnownFileType = sourcecode.swift; path = PermissionOverlay.swift; sourceTree = "<group>"; };
		92ED24D59D17368B05638D73 /* ChatActionHandler.swift */ = {isa = PBXFileReference; lastKnownFileType = sourcecode.swift; path = ChatActionHandler.swift; sourceTree = "<group>"; };
		939BF41C9FA5D3701505F155 /* ContentView.swift */ = {isa = PBXFileReference; lastKnownFileType = sourcecode.swift; path = ContentView.swift; sourceTree = "<group>"; };
		94311526F16A51F704F76BF3 /* SkillInfo.swift */ = {isa = PBXFileReference; lastKnownFileType = sourcecode.swift; path = SkillInfo.swift; sourceTree = "<group>"; };
		945EBDEF6049A990DFB82FCB /* AppTheme.swift */ = {isa = PBXFileReference; lastKnownFileType = sourcecode.swift; path = AppTheme.swift; sourceTree = "<group>"; };
		95BB6730161E5072C2BF9B14 /* TimelineReducerTests.swift */ = {isa = PBXFileReference; lastKnownFileType = sourcecode.swift; path = TimelineReducerTests.swift; sourceTree = "<group>"; };
		97AF6D675618F9919DC7109F /* DeltaCoalescerTests.swift */ = {isa = PBXFileReference; lastKnownFileType = sourcecode.swift; path = DeltaCoalescerTests.swift; sourceTree = "<group>"; };
		9C238BF9362AD80733909886 /* MarkdownText.swift */ = {isa = PBXFileReference; lastKnownFileType = sourcecode.swift; path = MarkdownText.swift; sourceTree = "<group>"; };
		9D355D19FC094C143A378BF6 /* TraceEvent.swift */ = {isa = PBXFileReference; lastKnownFileType = sourcecode.swift; path = TraceEvent.swift; sourceTree = "<group>"; };
		9F4D120F241018190D2864E9 /* BugBashTests.swift */ = {isa = PBXFileReference; lastKnownFileType = sourcecode.swift; path = BugBashTests.swift; sourceTree = "<group>"; };
		A1C8D30344E312367E4D75F3 /* TimelineReducer.swift */ = {isa = PBXFileReference; lastKnownFileType = sourcecode.swift; path = TimelineReducer.swift; sourceTree = "<group>"; };
		A79F7530A89DF7956CD5BC96 /* ChatScrollControllerTests.swift */ = {isa = PBXFileReference; lastKnownFileType = sourcecode.swift; path = ChatScrollControllerTests.swift; sourceTree = "<group>"; };
		A7D1CD6714251972D5CA72CF /* SettingsView.swift */ = {isa = PBXFileReference; lastKnownFileType = sourcecode.swift; path = SettingsView.swift; sourceTree = "<group>"; };
		A8EAF4FFCFAA25D087D18552 /* ANSIParser.swift */ = {isa = PBXFileReference; lastKnownFileType = sourcecode.swift; path = ANSIParser.swift; sourceTree = "<group>"; };
		A9058F546557E7B12547D14B /* SlashBuiltinCommand.swift */ = {isa = PBXFileReference; lastKnownFileType = sourcecode.swift; path = SlashBuiltinCommand.swift; sourceTree = "<group>"; };
		AAD27CC7C00F7378A1603B1F /* RestorationStateTests.swift */ = {isa = PBXFileReference; lastKnownFileType = sourcecode.swift; path = RestorationStateTests.swift; sourceTree = "<group>"; };
		AAF5EEF12F830AC5DCAC8705 /* ThemeStore.swift */ = {isa = PBXFileReference; lastKnownFileType = sourcecode.swift; path = ThemeStore.swift; sourceTree = "<group>"; };
		AFB48B8A52818E94B175B085 /* ChatActionHandlerTests.swift */ = {isa = PBXFileReference; lastKnownFileType = sourcecode.swift; path = ChatActionHandlerTests.swift; sourceTree = "<group>"; };
		B293D6E9C050AE164F00B090 /* ModelCodableTests.swift */ = {isa = PBXFileReference; lastKnownFileType = sourcecode.swift; path = ModelCodableTests.swift; sourceTree = "<group>"; };
		B71E9E16CFB8AB508021535F /* StoreTests.swift */ = {isa = PBXFileReference; lastKnownFileType = sourcecode.swift; path = StoreTests.swift; sourceTree = "<group>"; };
		B90FF603AFD7F95CA44E5F86 /* Workspace.swift */ = {isa = PBXFileReference; lastKnownFileType = sourcecode.swift; path = Workspace.swift; sourceTree = "<group>"; };
		BAB567D57A4525EFA7BE231D /* ExtensionTests.swift */ = {isa = PBXFileReference; lastKnownFileType = sourcecode.swift; path = ExtensionTests.swift; sourceTree = "<group>"; };
		BC4BC035C1C9CB3DBFF3E983 /* AppIcon.icon */ = {isa = PBXFileReference; lastKnownFileType = folder; name = AppIcon.icon; path = PiRemote/Resources/AppIcon.icon; sourceTree = SOURCE_ROOT; };
		BDEB88E6AC09331BB0FC98EB /* ServerMessageTests.swift */ = {isa = PBXFileReference; lastKnownFileType = sourcecode.swift; path = ServerMessageTests.swift; sourceTree = "<group>"; };
		BE7E71EA2AD2FDC3AE02F5E4 /* AppNavigation.swift */ = {isa = PBXFileReference; lastKnownFileType = sourcecode.swift; path = AppNavigation.swift; sourceTree = "<group>"; };
		BEF1D408FC2BE8E14D73296B /* JSONValue.swift */ = {isa = PBXFileReference; lastKnownFileType = sourcecode.swift; path = JSONValue.swift; sourceTree = "<group>"; };
		C06696CA5DCCEC76D0CE3828 /* ToolEventMapper.swift */ = {isa = PBXFileReference; lastKnownFileType = sourcecode.swift; path = ToolEventMapper.swift; sourceTree = "<group>"; };
		C1B3724C3B85510A88989844 /* WorkspaceDetailView.swift */ = {isa = PBXFileReference; lastKnownFileType = sourcecode.swift; path = WorkspaceDetailView.swift; sourceTree = "<group>"; };
		C80160CCDF40F340EA8025F5 /* OnboardingView.swift */ = {isa = PBXFileReference; lastKnownFileType = sourcecode.swift; path = OnboardingView.swift; sourceTree = "<group>"; };
		C91077E6485EBEBA88438F97 /* ComposerAutocomplete.swift */ = {isa = PBXFileReference; lastKnownFileType = sourcecode.swift; path = ComposerAutocomplete.swift; sourceTree = "<group>"; };
		CC086B059E915C9EAD7D8FE5 /* Color+TokyoNight.swift */ = {isa = PBXFileReference; lastKnownFileType = sourcecode.swift; path = "Color+TokyoNight.swift"; sourceTree = "<group>"; };
		CDDBC64524561A846EB1B5DD /* SessionStore.swift */ = {isa = PBXFileReference; lastKnownFileType = sourcecode.swift; path = SessionStore.swift; sourceTree = "<group>"; };
		CE0BD6E6820EB1ED75232AC6 /* PermissionStore.swift */ = {isa = PBXFileReference; lastKnownFileType = sourcecode.swift; path = PermissionStore.swift; sourceTree = "<group>"; };
		D162CF283E45E2270E7E08E4 /* CameraPicker.swift */ = {isa = PBXFileReference; lastKnownFileType = sourcecode.swift; path = CameraPicker.swift; sourceTree = "<group>"; };
		D3DF7F0E2B9D8E526A9456B0 /* ImageBlobView.swift */ = {isa = PBXFileReference; lastKnownFileType = sourcecode.swift; path = ImageBlobView.swift; sourceTree = "<group>"; };
		D434834136531787C34E9D36 /* WorkspaceStore.swift */ = {isa = PBXFileReference; lastKnownFileType = sourcecode.swift; path = WorkspaceStore.swift; sourceTree = "<group>"; };
		DCEDBC58A51E2D1C83C9DCA9 /* AgentEvent.swift */ = {isa = PBXFileReference; lastKnownFileType = sourcecode.swift; path = AgentEvent.swift; sourceTree = "<group>"; };
		E0F2D4440E84DF0AD0158533 /* DiffContentView.swift */ = {isa = PBXFileReference; lastKnownFileType = sourcecode.swift; path = DiffContentView.swift; sourceTree = "<group>"; };
		E1D762AE7B5B31BF2A72C3AD /* Date+Relative.swift */ = {isa = PBXFileReference; lastKnownFileType = sourcecode.swift; path = "Date+Relative.swift"; sourceTree = "<group>"; };
		E679D43BBC0711B5853B22D1 /* String+Path.swift */ = {isa = PBXFileReference; lastKnownFileType = sourcecode.swift; path = "String+Path.swift"; sourceTree = "<group>"; };
		EC07E2160B26D370161A1B78 /* NotificationDesign.md */ = {isa = PBXFileReference; lastKnownFileType = net.daringfireball.markdown; path = NotificationDesign.md; sourceTree = "<group>"; };
		EF530609040E6F7D847D433A /* ToolEventMapperTests.swift */ = {isa = PBXFileReference; lastKnownFileType = sourcecode.swift; path = ToolEventMapperTests.swift; sourceTree = "<group>"; };
		F3A38759A27ADC510792167D /* ChatInputBar.swift */ = {isa = PBXFileReference; lastKnownFileType = sourcecode.swift; path = ChatInputBar.swift; sourceTree = "<group>"; };
		F3C6AB768CB2FBE8534D276C /* Info.plist */ = {isa = PBXFileReference; lastKnownFileType = text.plist; path = Info.plist; sourceTree = "<group>"; };
		F406BF19C47F85FCC415F11E /* ReliabilityTests.swift */ = {isa = PBXFileReference; lastKnownFileType = sourcecode.swift; path = ReliabilityTests.swift; sourceTree = "<group>"; };
		F48CF794EA0D1104ED92719D /* PermissionNotificationService.swift */ = {isa = PBXFileReference; lastKnownFileType = sourcecode.swift; path = PermissionNotificationService.swift; sourceTree = "<group>"; };
		F497B3B8F96A3C366B111431 /* SkillDetail.swift */ = {isa = PBXFileReference; lastKnownFileType = sourcecode.swift; path = SkillDetail.swift; sourceTree = "<group>"; };
		F4BD3E1A593A48C75CDF41EA /* SessionStatus+Color.swift */ = {isa = PBXFileReference; lastKnownFileType = sourcecode.swift; path = "SessionStatus+Color.swift"; sourceTree = "<group>"; };
		F4EFA7F0B39A7B71963486A1 /* PiRemoteActivityBundle.swift */ = {isa = PBXFileReference; lastKnownFileType = sourcecode.swift; path = PiRemoteActivityBundle.swift; sourceTree = "<group>"; };
		F55C8E9B1003BA343891ED70 /* ChatSessionManager.swift */ = {isa = PBXFileReference; lastKnownFileType = sourcecode.swift; path = ChatSessionManager.swift; sourceTree = "<group>"; };
		F5D2B54C7B82E80EB4E59B1F /* CommonMarkParser.swift */ = {isa = PBXFileReference; lastKnownFileType = sourcecode.swift; path = CommonMarkParser.swift; sourceTree = "<group>"; };
		F60F4C02D84E6FEE7FA1BE86 /* Session.swift */ = {isa = PBXFileReference; lastKnownFileType = sourcecode.swift; path = Session.swift; sourceTree = "<group>"; };
		FC13F8C7B28016E2E7CC8B95 /* ModelPickerSheet.swift */ = {isa = PBXFileReference; lastKnownFileType = sourcecode.swift; path = ModelPickerSheet.swift; sourceTree = "<group>"; };
		FCC64DE07733A4328799F831 /* ViewLogicTests.swift */ = {isa = PBXFileReference; lastKnownFileType = sourcecode.swift; path = ViewLogicTests.swift; sourceTree = "<group>"; };
		FE8BF21D6C156F0F77FECA04 /* SkillFileView.swift */ = {isa = PBXFileReference; lastKnownFileType = sourcecode.swift; path = SkillFileView.swift; sourceTree = "<group>"; };
/* End PBXFileReference section */

/* Begin PBXFrameworksBuildPhase section */
		44C019C3731B9B147EF996DA /* Frameworks */ = {
			isa = PBXFrameworksBuildPhase;
			buildActionMask = 2147483647;
			files = (
				C4F262A182A61D91F8D3C954 /* Markdown in Frameworks */,
			);
			runOnlyForDeploymentPostprocessing = 0;
		};
/* End PBXFrameworksBuildPhase section */

/* Begin PBXGroup section */
		01A6B082AF5EB5E82E61064D /* ExtensionUI */ = {
			isa = PBXGroup;
			children = (
			);
			path = ExtensionUI;
			sourceTree = "<group>";
		};
		0672DD0041BD96A03673FB83 /* Resources */ = {
			isa = PBXGroup;
			children = (
				655E683F732A6DD6D89C7B5E /* Assets.xcassets */,
				76F94862014FE63C2C12EAFF /* Info.plist */,
				7B247F32830F0E2E9DD6FC5D /* PiRemote.entitlements */,
			);
			path = Resources;
			sourceTree = "<group>";
		};
		1072C9568895FF6BEC22820F /* Skills */ = {
			isa = PBXGroup;
			children = (
				79803687708EC0FAED865C2B /* SkillDetailView.swift */,
				FE8BF21D6C156F0F77FECA04 /* SkillFileView.swift */,
			);
			path = Skills;
			sourceTree = "<group>";
		};
		1D1898548F6BC09D8454D9EA /* Services */ = {
			isa = PBXGroup;
			children = (
				578D86EFC4685762C1B4DE66 /* AudioPlayerService.swift */,
				0D437B94F46C721CBFEE37BE /* BiometricService.swift */,
				8EA344CE7ED310FDCE9E27D8 /* KeychainService.swift */,
				408ADD1A4ABE340F2827A3EC /* LiveActivityManager.swift */,
				CE0BD6E6820EB1ED75232AC6 /* PermissionStore.swift */,
				2A2343A19E6EB27C1E490ABD /* RestorationState.swift */,
				CDDBC64524561A846EB1B5DD /* SessionStore.swift */,
				0D9A8D6A736B809653023FE1 /* TimelineCache.swift */,
				D434834136531787C34E9D36 /* WorkspaceStore.swift */,
			);
			path = Services;
			sourceTree = "<group>";
		};
		2CFA45708A95BD54EBCABA3E /* Extensions */ = {
			isa = PBXGroup;
			children = (
				6D197C657454A5256DA60ABE /* Color+Risk.swift */,
				CC086B059E915C9EAD7D8FE5 /* Color+TokyoNight.swift */,
				E1D762AE7B5B31BF2A72C3AD /* Date+Relative.swift */,
				4E1471F608449EA594AE3428 /* Duration+Ms.swift */,
				F4BD3E1A593A48C75CDF41EA /* SessionStatus+Color.swift */,
				E679D43BBC0711B5853B22D1 /* String+Path.swift */,
			);
			path = Extensions;
			sourceTree = "<group>";
		};
		2E8772B0FDE7974871FAF189 /* Features */ = {
			isa = PBXGroup;
			children = (
				C809C2A61E2D894DC5852DA7 /* Chat */,
				01A6B082AF5EB5E82E61064D /* ExtensionUI */,
				367A95B89638E5F34A0E972B /* Onboarding */,
				AE6836FB027B09BDC41C1EB5 /* Permissions */,
				422CCFE93839CAF62103367A /* Sessions */,
				3E4308B139C24BAEEA495F4B /* Settings */,
				1072C9568895FF6BEC22820F /* Skills */,
				58DCB599E6EEC154FB968D2E /* Workspaces */,
			);
			path = Features;
			sourceTree = "<group>";
		};
		367A95B89638E5F34A0E972B /* Onboarding */ = {
			isa = PBXGroup;
			children = (
				C80160CCDF40F340EA8025F5 /* OnboardingView.swift */,
				659E3FD240AECDAAEBE07498 /* QRScannerView.swift */,
			);
			path = Onboarding;
			sourceTree = "<group>";
		};
		3711775DF896E89886EF3C8F /* PiRemote */ = {
			isa = PBXGroup;
			children = (
				7C8446D7D61B7FDC02FE7558 /* App */,
				D89DAF32473CFC35A47FD9FA /* Core */,
				2E8772B0FDE7974871FAF189 /* Features */,
				0672DD0041BD96A03673FB83 /* Resources */,
			);
			path = PiRemote;
			sourceTree = "<group>";
		};
		3B0FFF0E6F1C663088E07A96 /* Networking */ = {
			isa = PBXGroup;
			children = (
				40473E786BBCFCBECED61FDC /* APIClient.swift */,
				22010943971C0EDDFC498D5A /* ServerConnection.swift */,
				26B2A8AE505FD594DFAED820 /* WebSocketClient.swift */,
			);
			path = Networking;
			sourceTree = "<group>";
		};
		3E4308B139C24BAEEA495F4B /* Settings */ = {
			isa = PBXGroup;
			children = (
				A7D1CD6714251972D5CA72CF /* SettingsView.swift */,
			);
			path = Settings;
			sourceTree = "<group>";
		};
		4210725A330B8A3A7E223116 /* Push */ = {
			isa = PBXGroup;
			children = (
				894905609E5EDFA819F4E242 /* PushRegistration.swift */,
			);
			path = Push;
			sourceTree = "<group>";
		};
		422CCFE93839CAF62103367A /* Sessions */ = {
			isa = PBXGroup;
			children = (
				47D0EF1EB9AC4E659EFF189A /* NewSessionView.swift */,
				200DB881C49D74BED2252482 /* SessionListView.swift */,
			);
			path = Sessions;
			sourceTree = "<group>";
		};
		55E9158556F605B03A461C9E /* Theme */ = {
			isa = PBXGroup;
			children = (
				945EBDEF6049A990DFB82FCB /* AppTheme.swift */,
				1BE94BEDFBF18A7DBBF2C092 /* ThemeCatalog.swift */,
				AAF5EEF12F830AC5DCAC8705 /* ThemeStore.swift */,
			);
			path = Theme;
			sourceTree = "<group>";
		};
		58DCB599E6EEC154FB968D2E /* Workspaces */ = {
			isa = PBXGroup;
			children = (
				2AFC3E37C7B526B5A42284FB /* WorkspaceCreateView.swift */,
				C1B3724C3B85510A88989844 /* WorkspaceDetailView.swift */,
				41138A2740BCE3047AEC3C31 /* WorkspaceEditView.swift */,
				7BA0339C652A50E194939755 /* WorkspaceHomeView.swift */,
				38C30F8070319CEE497EE9C6 /* WorkspaceListView.swift */,
				704293CEFCACEFEF0473464C /* WorkspacePickerView.swift */,
			);
			path = Workspaces;
			sourceTree = "<group>";
		};
		5DF2F59DC006D99E19A9A578 /* PiRemoteActivityExtension */ = {
			isa = PBXGroup;
			children = (
				F3C6AB768CB2FBE8534D276C /* Info.plist */,
				F4EFA7F0B39A7B71963486A1 /* PiRemoteActivityBundle.swift */,
				290C7D18A904F794098DC500 /* PiSessionLiveActivity.swift */,
			);
			path = PiRemoteActivityExtension;
			sourceTree = "<group>";
		};
		676C31F9C2CBDA684AC04DB8 /* PiRemoteTests */ = {
			isa = PBXGroup;
			children = (
				00C54A3CD5A04BBF02FEF8B4 /* ANSIParserTests.swift */,
				0B0A5AF285BABC2028366AEE /* APIClientTests.swift */,
				9F4D120F241018190D2864E9 /* BugBashTests.swift */,
				AFB48B8A52818E94B175B085 /* ChatActionHandlerTests.swift */,
				A79F7530A89DF7956CD5BC96 /* ChatScrollControllerTests.swift */,
				81C556E47EBE8E0892BA60A4 /* ChatSessionManagerTests.swift */,
				206C4A298A73ED320E047198 /* ClientMessageTests.swift */,
				291034AD44CB95E19AB1BFF8 /* CommonMarkTests.swift */,
				97AF6D675618F9919DC7109F /* DeltaCoalescerTests.swift */,
				BAB567D57A4525EFA7BE231D /* ExtensionTests.swift */,
				108301BD38A4D852833168AB /* JSONValueTests.swift */,
				84FBDA920005635321E99D78 /* KeychainServiceTests.swift */,
				B293D6E9C050AE164F00B090 /* ModelCodableTests.swift */,
				F406BF19C47F85FCC415F11E /* ReliabilityTests.swift */,
				AAD27CC7C00F7378A1603B1F /* RestorationStateTests.swift */,
				02C84A544C0BA51554BB4D5B /* ServerConnectionTests.swift */,
				BDEB88E6AC09331BB0FC98EB /* ServerMessageTests.swift */,
				B71E9E16CFB8AB508021535F /* StoreTests.swift */,
				1AC388845426D70938268999 /* StreamRecoveryTests.swift */,
				95BB6730161E5072C2BF9B14 /* TimelineReducerTests.swift */,
				25E3EA5E8186D3A3CA7AD836 /* ToolCallFormattingTests.swift */,
				EF530609040E6F7D847D433A /* ToolEventMapperTests.swift */,
				58B8690684C2F377D4CE008B /* ToolOutputStoreTests.swift */,
				150FACA1AA01B30E2930F456 /* TraceRenderingTests.swift */,
				FCC64DE07733A4328799F831 /* ViewLogicTests.swift */,
			);
			path = PiRemoteTests;
			sourceTree = "<group>";
		};
		7C46B562EF03AD173AE095B8 /* Views */ = {
			isa = PBXGroup;
			children = (
				A8EAF4FFCFAA25D087D18552 /* ANSIParser.swift */,
				D162CF283E45E2270E7E08E4 /* CameraPicker.swift */,
				F5D2B54C7B82E80EB4E59B1F /* CommonMarkParser.swift */,
				E0F2D4440E84DF0AD0158533 /* DiffContentView.swift */,
				3927141F5066F7F8A2466047 /* FileContentView.swift */,
				4785082EAFA17AC31A057A26 /* FullScreenCodeView.swift */,
				D3DF7F0E2B9D8E526A9456B0 /* ImageBlobView.swift */,
				3C7F9B03CAD15EC0E31B437C /* MarkdownNode.swift */,
				9C238BF9362AD80733909886 /* MarkdownText.swift */,
				7EDB857E6F9CDCF609317A69 /* PastableTextView.swift */,
				248C61B4D779D39F7610F12A /* RemoteFileView.swift */,
				501F5B7526999641A52A1592 /* SyntaxHighlighter.swift */,
				07CCC4D9F6C8B211D0B5F8DC /* ToolCallFormatting.swift */,
			);
			path = Views;
			sourceTree = "<group>";
		};
		7C8446D7D61B7FDC02FE7558 /* App */ = {
			isa = PBXGroup;
			children = (
				87ED025A0130149955936E35 /* AppDelegate.swift */,
				BE7E71EA2AD2FDC3AE02F5E4 /* AppNavigation.swift */,
				939BF41C9FA5D3701505F155 /* ContentView.swift */,
				4990CF73A91F605AD54A7555 /* PiRemoteApp.swift */,
			);
			path = App;
			sourceTree = "<group>";
		};
		A461A1E5EB61025A963393C7 /* Runtime */ = {
			isa = PBXGroup;
			children = (
				DCEDBC58A51E2D1C83C9DCA9 /* AgentEvent.swift */,
				156A7741E2CC887589A9CE87 /* ChatItem.swift */,
				34AEE5CDCB03C508B0F1B9CB /* DeltaCoalescer.swift */,
				A1C8D30344E312367E4D75F3 /* TimelineReducer.swift */,
				C06696CA5DCCEC76D0CE3828 /* ToolEventMapper.swift */,
			);
			path = Runtime;
			sourceTree = "<group>";
		};
		AE6836FB027B09BDC41C1EB5 /* Permissions */ = {
			isa = PBXGroup;
			children = (
				92C7D88982F34A04A39F1D9B /* PermissionOverlay.swift */,
				2A2670E4D1038932D7EFCC02 /* PermissionPill.swift */,
				0684DA798A5602EA50D5CB85 /* PermissionSheet.swift */,
			);
			path = Permissions;
			sourceTree = "<group>";
		};
		AFCB2DBDF0FB2105C6F31923 /* Products */ = {
			isa = PBXGroup;
			children = (
				3570D2683936F90608584387 /* PiRemote.app */,
				105C9781EE3A6D4D7384E2B6 /* PiRemoteActivityExtension.appex */,
				0888458C044380F5317A4652 /* PiRemoteTests.xctest */,
			);
			name = Products;
			sourceTree = "<group>";
		};
		B363C5FB86C4A4A6A233A87F = {
			isa = PBXGroup;
			children = (
				BC4BC035C1C9CB3DBFF3E983 /* AppIcon.icon */,
				3711775DF896E89886EF3C8F /* PiRemote */,
				5DF2F59DC006D99E19A9A578 /* PiRemoteActivityExtension */,
				676C31F9C2CBDA684AC04DB8 /* PiRemoteTests */,
				DAB1BD30642EE97D5F30E6D7 /* Shared */,
				AFCB2DBDF0FB2105C6F31923 /* Products */,
			);
			sourceTree = "<group>";
		};
		B3D6A0D6624B1F38339892C1 /* Notifications */ = {
			isa = PBXGroup;
			children = (
				EC07E2160B26D370161A1B78 /* NotificationDesign.md */,
				F48CF794EA0D1104ED92719D /* PermissionNotificationService.swift */,
			);
			path = Notifications;
			sourceTree = "<group>";
		};
		C809C2A61E2D894DC5852DA7 /* Chat */ = {
			isa = PBXGroup;
			children = (
				92ED24D59D17368B05638D73 /* ChatActionHandler.swift */,
				F3A38759A27ADC510792167D /* ChatInputBar.swift */,
				35CF4A93EC7E28C9E5DAEAB3 /* ChatItemRow.swift */,
				140CA7DBC6CAA45C781BA8AC /* ChatScrollController.swift */,
				F55C8E9B1003BA343891ED70 /* ChatSessionManager.swift */,
				1016DBA2FECCA45A32D73E54 /* ChatView.swift */,
				C91077E6485EBEBA88438F97 /* ComposerAutocomplete.swift */,
				147F9772A1FC07121F59FC25 /* ExpandedComposerView.swift */,
				FC13F8C7B28016E2E7CC8B95 /* ModelPickerSheet.swift */,
				43AE3C48CDEFD7CBE99CD4E9 /* SessionOutlineView.swift */,
				17BC1F5D3879551804B1BAFF /* SessionToolbar.swift */,
				A9058F546557E7B12547D14B /* SlashBuiltinCommand.swift */,
				6843AE75A2319A3D8AF1983F /* SlashCommandSuggestionList.swift */,
				715F733E36E0AE0530B0C9F7 /* ToolOutputViews.swift */,
			);
			path = Chat;
			sourceTree = "<group>";
		};
		D89DAF32473CFC35A47FD9FA /* Core */ = {
			isa = PBXGroup;
			children = (
				2CFA45708A95BD54EBCABA3E /* Extensions */,
				EE94E5A0FF8A8C4ACDBC1CCF /* Models */,
				3B0FFF0E6F1C663088E07A96 /* Networking */,
				B3D6A0D6624B1F38339892C1 /* Notifications */,
				4210725A330B8A3A7E223116 /* Push */,
				A461A1E5EB61025A963393C7 /* Runtime */,
				1D1898548F6BC09D8454D9EA /* Services */,
				FF65EB347D947C98E7D2D314 /* Surfaces */,
				55E9158556F605B03A461C9E /* Theme */,
				7C46B562EF03AD173AE095B8 /* Views */,
			);
			path = Core;
			sourceTree = "<group>";
		};
		DAB1BD30642EE97D5F30E6D7 /* Shared */ = {
			isa = PBXGroup;
			children = (
				558F1300B7516F7D0E152AF7 /* PiSessionAttributes.swift */,
			);
			path = Shared;
			sourceTree = "<group>";
		};
		EE94E5A0FF8A8C4ACDBC1CCF /* Models */ = {
			isa = PBXGroup;
			children = (
				514F2F044A6DF4912D0266B6 /* ClientMessage.swift */,
				176AD99191BDEE46858DD2F4 /* DiffEngine.swift */,
				BEF1D408FC2BE8E14D73296B /* JSONValue.swift */,
				6E48BF6A339B6DC5EABD7DB3 /* Permission.swift */,
				43035BCBAFC7BB0825974E3C /* ServerMessage.swift */,
				F60F4C02D84E6FEE7FA1BE86 /* Session.swift */,
				F497B3B8F96A3C366B111431 /* SkillDetail.swift */,
				94311526F16A51F704F76BF3 /* SkillInfo.swift */,
				790A1E87E8A671E35EF301AF /* SlashCommand.swift */,
				9D355D19FC094C143A378BF6 /* TraceEvent.swift */,
				05C25225B9A9221FDC45AD97 /* User.swift */,
				B90FF603AFD7F95CA44E5F86 /* Workspace.swift */,
			);
			path = Models;
			sourceTree = "<group>";
		};
		FF65EB347D947C98E7D2D314 /* Surfaces */ = {
			isa = PBXGroup;
			children = (
			);
			path = Surfaces;
			sourceTree = "<group>";
		};
/* End PBXGroup section */

/* Begin PBXNativeTarget section */
		4C6E5615836913F3533B4062 /* PiRemoteActivityExtension */ = {
			isa = PBXNativeTarget;
			buildConfigurationList = 77986EB3733E41E004FD9CD6 /* Build configuration list for PBXNativeTarget "PiRemoteActivityExtension" */;
			buildPhases = (
				FB66DEF3907587C74CF147CB /* Sources */,
			);
			buildRules = (
			);
			dependencies = (
			);
			name = PiRemoteActivityExtension;
			packageProductDependencies = (
			);
			productName = PiRemoteActivityExtension;
			productReference = 105C9781EE3A6D4D7384E2B6 /* PiRemoteActivityExtension.appex */;
			productType = "com.apple.product-type.app-extension";
		};
		6F9C2E02F9E0110E885D6079 /* PiRemoteTests */ = {
			isa = PBXNativeTarget;
			buildConfigurationList = 6408406A496A70DFB90DBEF2 /* Build configuration list for PBXNativeTarget "PiRemoteTests" */;
			buildPhases = (
				53B102D37C03E2AD47787962 /* Sources */,
			);
			buildRules = (
			);
			dependencies = (
				9281C63A77E198B7A9B5C5B6 /* PBXTargetDependency */,
			);
			name = PiRemoteTests;
			packageProductDependencies = (
			);
			productName = PiRemoteTests;
			productReference = 0888458C044380F5317A4652 /* PiRemoteTests.xctest */;
			productType = "com.apple.product-type.bundle.unit-test";
		};
		BC9E1572A399E5D215D943A2 /* PiRemote */ = {
			isa = PBXNativeTarget;
			buildConfigurationList = 75103B48373D6E13E2BCFF54 /* Build configuration list for PBXNativeTarget "PiRemote" */;
			buildPhases = (
				B427CFB7FB39B242DA28381F /* SwiftLint */,
				9022177148BBC9BDCDA1F1C6 /* Sources */,
				81F87A47906E61AAAA24A457 /* Resources */,
				44C019C3731B9B147EF996DA /* Frameworks */,
				5E11671A939C8A78CAF0CD45 /* Embed Foundation Extensions */,
			);
			buildRules = (
			);
			dependencies = (
				1435F00CB5776658A8D38505 /* PBXTargetDependency */,
			);
			name = PiRemote;
			packageProductDependencies = (
				191A6388ED4E496736CAFA07 /* Markdown */,
			);
			productName = PiRemote;
			productReference = 3570D2683936F90608584387 /* PiRemote.app */;
			productType = "com.apple.product-type.application";
		};
/* End PBXNativeTarget section */

/* Begin PBXProject section */
		BC9FFCD82F977D13E08B3A24 /* Project object */ = {
			isa = PBXProject;
			attributes = {
				BuildIndependentTargetsInParallel = YES;
				LastUpgradeCheck = 2620;
				TargetAttributes = {
					4C6E5615836913F3533B4062 = {
						DevelopmentTeam = AZAQMY4SPZ;
						ProvisioningStyle = Automatic;
					};
					BC9E1572A399E5D215D943A2 = {
						DevelopmentTeam = AZAQMY4SPZ;
						ProvisioningStyle = Automatic;
					};
				};
			};
			buildConfigurationList = 3E970365B6F8B923A03321DE /* Build configuration list for PBXProject "PiRemote" */;
			compatibilityVersion = "Xcode 14.0";
			developmentRegion = en;
			hasScannedForEncodings = 0;
			knownRegions = (
				Base,
				en,
			);
			mainGroup = B363C5FB86C4A4A6A233A87F;
			minimizedProjectReferenceProxies = 1;
			packageReferences = (
				CDAAF14645EDD2ABF26601C8 /* XCRemoteSwiftPackageReference "swift-markdown" */,
			);
			preferredProjectObjectVersion = 77;
			projectDirPath = "";
			projectRoot = "";
			targets = (
				BC9E1572A399E5D215D943A2 /* PiRemote */,
				4C6E5615836913F3533B4062 /* PiRemoteActivityExtension */,
				6F9C2E02F9E0110E885D6079 /* PiRemoteTests */,
			);
		};
/* End PBXProject section */

/* Begin PBXResourcesBuildPhase section */
		81F87A47906E61AAAA24A457 /* Resources */ = {
			isa = PBXResourcesBuildPhase;
			buildActionMask = 2147483647;
			files = (
				F0F9F6E83931ECE9227EAB0C /* AppIcon.icon in Resources */,
				1511FE3BAAF6916BFA8AB742 /* Assets.xcassets in Resources */,
				AE9D3373E4CF05A3F73083C7 /* NotificationDesign.md in Resources */,
			);
			runOnlyForDeploymentPostprocessing = 0;
		};
/* End PBXResourcesBuildPhase section */

/* Begin PBXShellScriptBuildPhase section */
		B427CFB7FB39B242DA28381F /* SwiftLint */ = {
			isa = PBXShellScriptBuildPhase;
			alwaysOutOfDate = 1;
			buildActionMask = 2147483647;
			files = (
			);
			inputFileListPaths = (
			);
			inputPaths = (
			);
			name = SwiftLint;
			outputFileListPaths = (
			);
			outputPaths = (
			);
			runOnlyForDeploymentPostprocessing = 0;
			shellPath = /bin/bash;
			shellScript = "if command -v swiftlint >/dev/null 2>&1; then\n  swiftlint lint --config \"$SRCROOT/.swiftlint.yml\" --quiet\nelse\n  echo \"warning: SwiftLint not installed — brew install swiftlint\"\nfi\n";
			showEnvVarsInLog = 0;
		};
/* End PBXShellScriptBuildPhase section */

/* Begin PBXSourcesBuildPhase section */
		53B102D37C03E2AD47787962 /* Sources */ = {
			isa = PBXSourcesBuildPhase;
			buildActionMask = 2147483647;
			files = (
				4B31DCC213CA009F295BCFF5 /* ANSIParserTests.swift in Sources */,
				A39FB6D1897D4B42ED4AF9A6 /* APIClientTests.swift in Sources */,
				1ECA1DCD5260377D83824B89 /* BugBashTests.swift in Sources */,
				1CB8C4B633343C8C13CEDD40 /* ChatActionHandlerTests.swift in Sources */,
				A7065950B16BB36E62515271 /* ChatScrollControllerTests.swift in Sources */,
				7A91A4623F6BBAF51F006971 /* ChatSessionManagerTests.swift in Sources */,
				012A892206B32DEC8A2110B0 /* ClientMessageTests.swift in Sources */,
				B92CC504F2EDCE16DAFF216A /* CommonMarkTests.swift in Sources */,
				0314D5F8691A821426C55BFA /* DeltaCoalescerTests.swift in Sources */,
				841F402E6B01FD3AA3CFA071 /* ExtensionTests.swift in Sources */,
				D4A8F119463421C535DC4DED /* JSONValueTests.swift in Sources */,
				FF26D315C62ED51DDD63101C /* KeychainServiceTests.swift in Sources */,
				C9F6A96A69F5D34F201CE248 /* ModelCodableTests.swift in Sources */,
				919A2018C0F793AC0EC3B8E5 /* ReliabilityTests.swift in Sources */,
				DDF10921F1FCE3DE9CC15873 /* RestorationStateTests.swift in Sources */,
				6B08610AFCFE8B18C4C0335B /* ServerConnectionTests.swift in Sources */,
				9D1FD84E4CC741C4F4811692 /* ServerMessageTests.swift in Sources */,
				5338DD7A57C06CCB05C4B579 /* StoreTests.swift in Sources */,
				BD3BF1AEB31A0E10074BCC24 /* StreamRecoveryTests.swift in Sources */,
				C55011EA3C234A481A044D22 /* TimelineReducerTests.swift in Sources */,
				6622EDE64518E556414276F2 /* ToolCallFormattingTests.swift in Sources */,
				745DE7FA215889CDF26289C3 /* ToolEventMapperTests.swift in Sources */,
				2D1F1E4B820B38748096E134 /* ToolOutputStoreTests.swift in Sources */,
				83AC9AB1FDC5350016648457 /* TraceRenderingTests.swift in Sources */,
				8083C42EFA7B0D7B6B202984 /* ViewLogicTests.swift in Sources */,
			);
			runOnlyForDeploymentPostprocessing = 0;
		};
		9022177148BBC9BDCDA1F1C6 /* Sources */ = {
			isa = PBXSourcesBuildPhase;
			buildActionMask = 2147483647;
			files = (
				B89109A2CD98E0D79EF30AB4 /* ANSIParser.swift in Sources */,
				F0C4E51F8644FD6224B0BB74 /* APIClient.swift in Sources */,
				0E571112E774D24AFC465706 /* AgentEvent.swift in Sources */,
				BCF260E4D13A3A34BF35BD3F /* AppDelegate.swift in Sources */,
				B5031ADAA3355D045E27727B /* AppNavigation.swift in Sources */,
				1DC7C19A0C5B1DCD699BBE25 /* AppTheme.swift in Sources */,
				7B92EC83A01A805A0B5E3974 /* AudioPlayerService.swift in Sources */,
				C1C9D7112232103E1E774D81 /* BiometricService.swift in Sources */,
				C4305C1027BEDE91377103E9 /* CameraPicker.swift in Sources */,
				CC47806B476A327E3CDD64A6 /* ChatActionHandler.swift in Sources */,
				B55F437384AEEDA49918111E /* ChatInputBar.swift in Sources */,
				C1B1ACA347E9DE2AE3681EF5 /* ChatItem.swift in Sources */,
				54BECCB2045664881CD5BB2B /* ChatItemRow.swift in Sources */,
				90527CF9AE59AA1789C22034 /* ChatScrollController.swift in Sources */,
				FAC8BB0222FE599C74B56DA5 /* ChatSessionManager.swift in Sources */,
				FBF05BA551893C9F05939D50 /* ChatView.swift in Sources */,
				5C22B9737382BA847C674178 /* ClientMessage.swift in Sources */,
				CD16DEBB722A17907C3E7AE4 /* Color+Risk.swift in Sources */,
				721698784FFA22CA059D368F /* Color+TokyoNight.swift in Sources */,
				14A7078618D926BB914D5294 /* CommonMarkParser.swift in Sources */,
				A14CC8E28575AB4C47164228 /* ComposerAutocomplete.swift in Sources */,
				36BEA62D9242DC24C1A0EDE9 /* ContentView.swift in Sources */,
				5949F7380051B13522C0B41F /* Date+Relative.swift in Sources */,
				C7C6F817DC6BE8D0997FB72D /* DeltaCoalescer.swift in Sources */,
				C14125CD33E9DC16BEEC4FB4 /* DiffContentView.swift in Sources */,
				AA366EA915A53D82534FAB38 /* DiffEngine.swift in Sources */,
				70281981DDE69AD88F50577D /* Duration+Ms.swift in Sources */,
				14309C8A93F1F4BD98C80F55 /* ExpandedComposerView.swift in Sources */,
				EA278BCFE6BDE2F146B56038 /* FileContentView.swift in Sources */,
				A8FA2BB959357259440E88F6 /* FullScreenCodeView.swift in Sources */,
				B8E5C7B0B609AEC32218DEE1 /* ImageBlobView.swift in Sources */,
				4B09C91D8066CCF451BC4A6B /* JSONValue.swift in Sources */,
				CAD2D351312E9CE628EF950B /* KeychainService.swift in Sources */,
				61A8E085D509A028319F5C91 /* LiveActivityManager.swift in Sources */,
				CCAC237C59C2110BF78C9349 /* MarkdownNode.swift in Sources */,
				DC53783269EDC611FC99BA19 /* MarkdownText.swift in Sources */,
				F251C92D2686703FFBE4D2E8 /* ModelPickerSheet.swift in Sources */,
				803278EF0E6DEC613C6FC0B9 /* NewSessionView.swift in Sources */,
				BCECDF1C99DE1C7EA43908AF /* OnboardingView.swift in Sources */,
				5D63586C9597E690F079A74C /* PastableTextView.swift in Sources */,
				81B2AED9418D60C199E2AEEA /* Permission.swift in Sources */,
				2C33B54BE67F9B7EF77D135E /* PermissionNotificationService.swift in Sources */,
				09305DEDAB33D780C4403E7B /* PermissionOverlay.swift in Sources */,
				E0CB2D6349BD25417789B617 /* PermissionPill.swift in Sources */,
				6C0B20B360E22D65EB882B5A /* PermissionSheet.swift in Sources */,
				F0A02D7B10E316B74786F431 /* PermissionStore.swift in Sources */,
				7EFB94AC72BAABC35B91F210 /* PiRemoteApp.swift in Sources */,
				79E7B3C5424B1721A1577B2D /* PiSessionAttributes.swift in Sources */,
				66E8CB03B68EE82F10C2035D /* PushRegistration.swift in Sources */,
				50D600BA984BE6C3A015ED44 /* QRScannerView.swift in Sources */,
				67F811989AA8E5DA5BD755DD /* RemoteFileView.swift in Sources */,
				BA8943862537096F225562E3 /* RestorationState.swift in Sources */,
				D658BD52DC1373DA79C6A6EA /* ServerConnection.swift in Sources */,
				5FA6A70BEA5297098CAE324F /* ServerMessage.swift in Sources */,
				3884B04D33C350031B59BD28 /* Session.swift in Sources */,
				67BE69AAC9ACC67E0B323615 /* SessionListView.swift in Sources */,
				85CB70C347FC0D83EB7D4F99 /* SessionOutlineView.swift in Sources */,
				5A1F31EB2C34C944AB0E23D2 /* SessionStatus+Color.swift in Sources */,
				7DE1CAE1361D5F99D03AE7DE /* SessionStore.swift in Sources */,
				09219F8F9F0D348168F1C8F7 /* SessionToolbar.swift in Sources */,
				924398E277AC0450E9FE5651 /* SettingsView.swift in Sources */,
				50372223320E92B7D9578819 /* SkillDetail.swift in Sources */,
				A5A674587AC2C6EAC84A0DE8 /* SkillDetailView.swift in Sources */,
				0B67197E311F2623289FD81A /* SkillFileView.swift in Sources */,
				F3898F89C200513A5B086089 /* SkillInfo.swift in Sources */,
				78A8A95C67FBD88FAFDCDDDB /* SlashBuiltinCommand.swift in Sources */,
				141D07423E047229D444399B /* SlashCommand.swift in Sources */,
				D9B6DB2ED8921A2C0B631437 /* SlashCommandSuggestionList.swift in Sources */,
				51BCF208AD399133ABD84426 /* String+Path.swift in Sources */,
				40D0F9F5BA0985CD615C3DF5 /* SyntaxHighlighter.swift in Sources */,
				4A52D4E9154A3F1F7864945B /* ThemeCatalog.swift in Sources */,
				81DDF45FD9097B21D5B5C19E /* ThemeStore.swift in Sources */,
				D2899DA5197EB5BBCD3C54D2 /* TimelineCache.swift in Sources */,
				6777229DB279DB36503F5A4A /* TimelineReducer.swift in Sources */,
				4EEA0BF6A26EFDD93295461E /* ToolCallFormatting.swift in Sources */,
				08501172A5F351A59380B5CC /* ToolEventMapper.swift in Sources */,
				0BCA6F517272CDBA05C707AF /* ToolOutputViews.swift in Sources */,
				B2D48A82F49308FDDEEC0733 /* TraceEvent.swift in Sources */,
				AE8BBB810195A621AF76593A /* User.swift in Sources */,
				C10D53B535F7095D62A170EA /* WebSocketClient.swift in Sources */,
				CDEEEA14C07672FE67E1AEFF /* Workspace.swift in Sources */,
				7B9263DDA5617367B687AA61 /* WorkspaceCreateView.swift in Sources */,
				7F7F30C3C5576CD693546C3D /* WorkspaceDetailView.swift in Sources */,
				0CDC79210DE75AD51CDAA849 /* WorkspaceEditView.swift in Sources */,
				56F2F83599540629ED1B0ACB /* WorkspaceHomeView.swift in Sources */,
				307B06A57DD1CDF9A3DE94AA /* WorkspaceListView.swift in Sources */,
				364D6E6F594F193FABDCF505 /* WorkspacePickerView.swift in Sources */,
				DB427F7A4F45A545B1726CB9 /* WorkspaceStore.swift in Sources */,
			);
			runOnlyForDeploymentPostprocessing = 0;
		};
		FB66DEF3907587C74CF147CB /* Sources */ = {
			isa = PBXSourcesBuildPhase;
			buildActionMask = 2147483647;
			files = (
				188F2C334762D1FD99D57C57 /* PiRemoteActivityBundle.swift in Sources */,
				CB2C02207CF59354D68E2EBB /* PiSessionAttributes.swift in Sources */,
				27963E6DAA6946CAEBDCD913 /* PiSessionLiveActivity.swift in Sources */,
			);
			runOnlyForDeploymentPostprocessing = 0;
		};
/* End PBXSourcesBuildPhase section */

/* Begin PBXTargetDependency section */
		1435F00CB5776658A8D38505 /* PBXTargetDependency */ = {
			isa = PBXTargetDependency;
			target = 4C6E5615836913F3533B4062 /* PiRemoteActivityExtension */;
			targetProxy = BCF02681A47DFDE6362F5A1B /* PBXContainerItemProxy */;
		};
		9281C63A77E198B7A9B5C5B6 /* PBXTargetDependency */ = {
			isa = PBXTargetDependency;
			target = BC9E1572A399E5D215D943A2 /* PiRemote */;
			targetProxy = 71692E388638C4B9D0E436F7 /* PBXContainerItemProxy */;
		};
/* End PBXTargetDependency section */

/* Begin XCBuildConfiguration section */
		02C89311EB92E0A1C565E5C8 /* Release */ = {
			isa = XCBuildConfiguration;
			buildSettings = {
				CODE_SIGN_STYLE = Automatic;
				CURRENT_PROJECT_VERSION = 1;
				DEVELOPMENT_TEAM = AZAQMY4SPZ;
				GENERATE_INFOPLIST_FILE = YES;
				INFOPLIST_FILE = PiRemoteActivityExtension/Info.plist;
				INFOPLIST_KEY_CFBundleDisplayName = PiRemote;
				INFOPLIST_KEY_NSExtension_NSExtensionPointIdentifier = "com.apple.widgetkit-extension";
				LD_RUNPATH_SEARCH_PATHS = (
					"$(inherited)",
					"@executable_path/Frameworks",
					"@executable_path/../../Frameworks",
				);
				MARKETING_VERSION = 1.0.0;
				PRODUCT_BUNDLE_IDENTIFIER = dev.chenda.PiRemote.ActivityExtension;
				SDKROOT = iphoneos;
				TARGETED_DEVICE_FAMILY = "1,2";
			};
			name = Release;
		};
		088C6AE3874BCE72DA13657B /* Debug */ = {
			isa = XCBuildConfiguration;
			buildSettings = {
				ALWAYS_SEARCH_USER_PATHS = NO;
				CLANG_ANALYZER_NONNULL = YES;
				CLANG_ANALYZER_NUMBER_OBJECT_CONVERSION = YES_AGGRESSIVE;
				CLANG_CXX_LANGUAGE_STANDARD = "gnu++14";
				CLANG_CXX_LIBRARY = "libc++";
				CLANG_ENABLE_MODULES = YES;
				CLANG_ENABLE_OBJC_ARC = YES;
				CLANG_ENABLE_OBJC_WEAK = YES;
				CLANG_WARN_BLOCK_CAPTURE_AUTORELEASING = YES;
				CLANG_WARN_BOOL_CONVERSION = YES;
				CLANG_WARN_COMMA = YES;
				CLANG_WARN_CONSTANT_CONVERSION = YES;
				CLANG_WARN_DEPRECATED_OBJC_IMPLEMENTATIONS = YES;
				CLANG_WARN_DIRECT_OBJC_ISA_USAGE = YES_ERROR;
				CLANG_WARN_DOCUMENTATION_COMMENTS = YES;
				CLANG_WARN_EMPTY_BODY = YES;
				CLANG_WARN_ENUM_CONVERSION = YES;
				CLANG_WARN_INFINITE_RECURSION = YES;
				CLANG_WARN_INT_CONVERSION = YES;
				CLANG_WARN_NON_LITERAL_NULL_CONVERSION = YES;
				CLANG_WARN_OBJC_IMPLICIT_RETAIN_SELF = YES;
				CLANG_WARN_OBJC_LITERAL_CONVERSION = YES;
				CLANG_WARN_OBJC_ROOT_CLASS = YES_ERROR;
				CLANG_WARN_QUOTED_INCLUDE_IN_FRAMEWORK_HEADER = YES;
				CLANG_WARN_RANGE_LOOP_ANALYSIS = YES;
				CLANG_WARN_STRICT_PROTOTYPES = YES;
				CLANG_WARN_SUSPICIOUS_MOVE = YES;
				CLANG_WARN_UNGUARDED_AVAILABILITY = YES_AGGRESSIVE;
				CLANG_WARN_UNREACHABLE_CODE = YES;
				CLANG_WARN__DUPLICATE_METHOD_MATCH = YES;
				COPY_PHASE_STRIP = NO;
				DEBUG_INFORMATION_FORMAT = dwarf;
				ENABLE_STRICT_OBJC_MSGSEND = YES;
				ENABLE_TESTABILITY = YES;
				ENABLE_USER_SCRIPT_SANDBOXING = YES;
				GCC_C_LANGUAGE_STANDARD = gnu11;
				GCC_DYNAMIC_NO_PIC = NO;
				GCC_NO_COMMON_BLOCKS = YES;
				GCC_OPTIMIZATION_LEVEL = 0;
				GCC_PREPROCESSOR_DEFINITIONS = (
					"$(inherited)",
					"DEBUG=1",
				);
				GCC_WARN_64_TO_32_BIT_CONVERSION = YES;
				GCC_WARN_ABOUT_RETURN_TYPE = YES_ERROR;
				GCC_WARN_UNDECLARED_SELECTOR = YES;
				GCC_WARN_UNINITIALIZED_AUTOS = YES_AGGRESSIVE;
				GCC_WARN_UNUSED_FUNCTION = YES;
				GCC_WARN_UNUSED_VARIABLE = YES;
				INFOPLIST_KEY_UILaunchScreen_Generation = YES;
				INFOPLIST_KEY_UISupportedInterfaceOrientations = UIInterfaceOrientationPortrait;
				IPHONEOS_DEPLOYMENT_TARGET = 26.0;
				MTL_ENABLE_DEBUG_INFO = INCLUDE_SOURCE;
				MTL_FAST_MATH = YES;
				ONLY_ACTIVE_ARCH = YES;
				PRODUCT_NAME = "$(TARGET_NAME)";
				SDKROOT = iphoneos;
				SWIFT_ACTIVE_COMPILATION_CONDITIONS = DEBUG;
				SWIFT_OPTIMIZATION_LEVEL = "-Onone";
				SWIFT_STRICT_CONCURRENCY = complete;
				SWIFT_VERSION = 6.0;
				TARGETED_DEVICE_FAMILY = 1;
			};
			name = Debug;
		};
		63CFD2FBDB8A3F4839CDCF86 /* Release */ = {
			isa = XCBuildConfiguration;
			buildSettings = {
				ALWAYS_SEARCH_USER_PATHS = NO;
				CLANG_ANALYZER_NONNULL = YES;
				CLANG_ANALYZER_NUMBER_OBJECT_CONVERSION = YES_AGGRESSIVE;
				CLANG_CXX_LANGUAGE_STANDARD = "gnu++14";
				CLANG_CXX_LIBRARY = "libc++";
				CLANG_ENABLE_MODULES = YES;
				CLANG_ENABLE_OBJC_ARC = YES;
				CLANG_ENABLE_OBJC_WEAK = YES;
				CLANG_WARN_BLOCK_CAPTURE_AUTORELEASING = YES;
				CLANG_WARN_BOOL_CONVERSION = YES;
				CLANG_WARN_COMMA = YES;
				CLANG_WARN_CONSTANT_CONVERSION = YES;
				CLANG_WARN_DEPRECATED_OBJC_IMPLEMENTATIONS = YES;
				CLANG_WARN_DIRECT_OBJC_ISA_USAGE = YES_ERROR;
				CLANG_WARN_DOCUMENTATION_COMMENTS = YES;
				CLANG_WARN_EMPTY_BODY = YES;
				CLANG_WARN_ENUM_CONVERSION = YES;
				CLANG_WARN_INFINITE_RECURSION = YES;
				CLANG_WARN_INT_CONVERSION = YES;
				CLANG_WARN_NON_LITERAL_NULL_CONVERSION = YES;
				CLANG_WARN_OBJC_IMPLICIT_RETAIN_SELF = YES;
				CLANG_WARN_OBJC_LITERAL_CONVERSION = YES;
				CLANG_WARN_OBJC_ROOT_CLASS = YES_ERROR;
				CLANG_WARN_QUOTED_INCLUDE_IN_FRAMEWORK_HEADER = YES;
				CLANG_WARN_RANGE_LOOP_ANALYSIS = YES;
				CLANG_WARN_STRICT_PROTOTYPES = YES;
				CLANG_WARN_SUSPICIOUS_MOVE = YES;
				CLANG_WARN_UNGUARDED_AVAILABILITY = YES_AGGRESSIVE;
				CLANG_WARN_UNREACHABLE_CODE = YES;
				CLANG_WARN__DUPLICATE_METHOD_MATCH = YES;
				COPY_PHASE_STRIP = NO;
				DEBUG_INFORMATION_FORMAT = "dwarf-with-dsym";
				ENABLE_NS_ASSERTIONS = NO;
				ENABLE_STRICT_OBJC_MSGSEND = YES;
				ENABLE_USER_SCRIPT_SANDBOXING = YES;
				GCC_C_LANGUAGE_STANDARD = gnu11;
				GCC_NO_COMMON_BLOCKS = YES;
				GCC_WARN_64_TO_32_BIT_CONVERSION = YES;
				GCC_WARN_ABOUT_RETURN_TYPE = YES_ERROR;
				GCC_WARN_UNDECLARED_SELECTOR = YES;
				GCC_WARN_UNINITIALIZED_AUTOS = YES_AGGRESSIVE;
				GCC_WARN_UNUSED_FUNCTION = YES;
				GCC_WARN_UNUSED_VARIABLE = YES;
				INFOPLIST_KEY_UILaunchScreen_Generation = YES;
				INFOPLIST_KEY_UISupportedInterfaceOrientations = UIInterfaceOrientationPortrait;
				IPHONEOS_DEPLOYMENT_TARGET = 26.0;
				MTL_ENABLE_DEBUG_INFO = NO;
				MTL_FAST_MATH = YES;
				PRODUCT_NAME = "$(TARGET_NAME)";
				SDKROOT = iphoneos;
				SWIFT_COMPILATION_MODE = wholemodule;
				SWIFT_OPTIMIZATION_LEVEL = "-O";
				SWIFT_STRICT_CONCURRENCY = complete;
				SWIFT_VERSION = 6.0;
				TARGETED_DEVICE_FAMILY = 1;
			};
			name = Release;
		};
		9F8447889130EB44BB0028ED /* Debug */ = {
			isa = XCBuildConfiguration;
			buildSettings = {
				CODE_SIGN_STYLE = Automatic;
				CURRENT_PROJECT_VERSION = 1;
				DEVELOPMENT_TEAM = AZAQMY4SPZ;
				GENERATE_INFOPLIST_FILE = YES;
				INFOPLIST_FILE = PiRemoteActivityExtension/Info.plist;
				INFOPLIST_KEY_CFBundleDisplayName = PiRemote;
				INFOPLIST_KEY_NSExtension_NSExtensionPointIdentifier = "com.apple.widgetkit-extension";
				LD_RUNPATH_SEARCH_PATHS = (
					"$(inherited)",
					"@executable_path/Frameworks",
					"@executable_path/../../Frameworks",
				);
				MARKETING_VERSION = 1.0.0;
				PRODUCT_BUNDLE_IDENTIFIER = dev.chenda.PiRemote.ActivityExtension;
				SDKROOT = iphoneos;
				TARGETED_DEVICE_FAMILY = "1,2";
			};
			name = Debug;
		};
		B1389F24F4A40751C2F404A6 /* Release */ = {
			isa = XCBuildConfiguration;
			buildSettings = {
				ASSETCATALOG_COMPILER_APPICON_NAME = AppIcon;
				CODE_SIGN_ENTITLEMENTS = PiRemote/Resources/PiRemote.entitlements;
				CODE_SIGN_IDENTITY = "iPhone Developer";
				CODE_SIGN_STYLE = Automatic;
				CURRENT_PROJECT_VERSION = 1;
				DEVELOPMENT_TEAM = AZAQMY4SPZ;
				ENABLE_USER_SCRIPT_SANDBOXING = NO;
				INFOPLIST_FILE = PiRemote/Resources/Info.plist;
				INFOPLIST_KEY_NSSupportsLiveActivities = YES;
				LD_RUNPATH_SEARCH_PATHS = (
					"$(inherited)",
					"@executable_path/Frameworks",
				);
				MARKETING_VERSION = 1.0.0;
				PRODUCT_BUNDLE_IDENTIFIER = dev.chenda.PiRemote;
				PRODUCT_NAME = PiRemote;
				SDKROOT = iphoneos;
				TARGETED_DEVICE_FAMILY = "1,2";
			};
			name = Release;
		};
		E415D08D5A9B0316F37667AA /* Debug */ = {
			isa = XCBuildConfiguration;
			buildSettings = {
				BUNDLE_LOADER = "$(TEST_HOST)";
				CODE_SIGNING_ALLOWED = NO;
				CODE_SIGN_IDENTITY = "";
				LD_RUNPATH_SEARCH_PATHS = (
					"$(inherited)",
					"@executable_path/Frameworks",
					"@loader_path/Frameworks",
				);
				PRODUCT_BUNDLE_IDENTIFIER = dev.chenda.PiRemoteTests;
				SDKROOT = iphoneos;
				TARGETED_DEVICE_FAMILY = "1,2";
				TEST_HOST = "$(BUILT_PRODUCTS_DIR)/PiRemote.app/PiRemote";
			};
			name = Debug;
		};
		E77378DF5E7B557CC79AD0ED /* Release */ = {
			isa = XCBuildConfiguration;
			buildSettings = {
				BUNDLE_LOADER = "$(TEST_HOST)";
				CODE_SIGNING_ALLOWED = NO;
				CODE_SIGN_IDENTITY = "";
				LD_RUNPATH_SEARCH_PATHS = (
					"$(inherited)",
					"@executable_path/Frameworks",
					"@loader_path/Frameworks",
				);
				PRODUCT_BUNDLE_IDENTIFIER = dev.chenda.PiRemoteTests;
				SDKROOT = iphoneos;
				TARGETED_DEVICE_FAMILY = "1,2";
				TEST_HOST = "$(BUILT_PRODUCTS_DIR)/PiRemote.app/PiRemote";
			};
			name = Release;
		};
		FAAD0F7FBD31C89A0EF82EE0 /* Debug */ = {
			isa = XCBuildConfiguration;
			buildSettings = {
				ASSETCATALOG_COMPILER_APPICON_NAME = AppIcon;
				CODE_SIGN_ENTITLEMENTS = PiRemote/Resources/PiRemote.entitlements;
				CODE_SIGN_IDENTITY = "iPhone Developer";
				CODE_SIGN_STYLE = Automatic;
				CURRENT_PROJECT_VERSION = 1;
				DEVELOPMENT_TEAM = AZAQMY4SPZ;
				ENABLE_USER_SCRIPT_SANDBOXING = NO;
				INFOPLIST_FILE = PiRemote/Resources/Info.plist;
				INFOPLIST_KEY_NSSupportsLiveActivities = YES;
				LD_RUNPATH_SEARCH_PATHS = (
					"$(inherited)",
					"@executable_path/Frameworks",
				);
				MARKETING_VERSION = 1.0.0;
				PRODUCT_BUNDLE_IDENTIFIER = dev.chenda.PiRemote;
				PRODUCT_NAME = PiRemote;
				SDKROOT = iphoneos;
				TARGETED_DEVICE_FAMILY = "1,2";
			};
			name = Debug;
		};
/* End XCBuildConfiguration section */

/* Begin XCConfigurationList section */
		3E970365B6F8B923A03321DE /* Build configuration list for PBXProject "PiRemote" */ = {
			isa = XCConfigurationList;
			buildConfigurations = (
				088C6AE3874BCE72DA13657B /* Debug */,
				63CFD2FBDB8A3F4839CDCF86 /* Release */,
			);
			defaultConfigurationIsVisible = 0;
			defaultConfigurationName = Debug;
		};
		6408406A496A70DFB90DBEF2 /* Build configuration list for PBXNativeTarget "PiRemoteTests" */ = {
			isa = XCConfigurationList;
			buildConfigurations = (
				E415D08D5A9B0316F37667AA /* Debug */,
				E77378DF5E7B557CC79AD0ED /* Release */,
			);
			defaultConfigurationIsVisible = 0;
			defaultConfigurationName = Debug;
		};
		75103B48373D6E13E2BCFF54 /* Build configuration list for PBXNativeTarget "PiRemote" */ = {
			isa = XCConfigurationList;
			buildConfigurations = (
				FAAD0F7FBD31C89A0EF82EE0 /* Debug */,
				B1389F24F4A40751C2F404A6 /* Release */,
			);
			defaultConfigurationIsVisible = 0;
			defaultConfigurationName = Debug;
		};
		77986EB3733E41E004FD9CD6 /* Build configuration list for PBXNativeTarget "PiRemoteActivityExtension" */ = {
			isa = XCConfigurationList;
			buildConfigurations = (
				9F8447889130EB44BB0028ED /* Debug */,
				02C89311EB92E0A1C565E5C8 /* Release */,
			);
			defaultConfigurationIsVisible = 0;
			defaultConfigurationName = Debug;
		};
/* End XCConfigurationList section */

/* Begin XCRemoteSwiftPackageReference section */
		CDAAF14645EDD2ABF26601C8 /* XCRemoteSwiftPackageReference "swift-markdown" */ = {
			isa = XCRemoteSwiftPackageReference;
			repositoryURL = "https://github.com/apple/swift-markdown";
			requirement = {
				kind = upToNextMajorVersion;
				minimumVersion = 0.7.0;
			};
		};
/* End XCRemoteSwiftPackageReference section */

/* Begin XCSwiftPackageProductDependency section */
		191A6388ED4E496736CAFA07 /* Markdown */ = {
			isa = XCSwiftPackageProductDependency;
			package = CDAAF14645EDD2ABF26601C8 /* XCRemoteSwiftPackageReference "swift-markdown" */;
			productName = Markdown;
		};
/* End XCSwiftPackageProductDependency section */
	};
	rootObject = BC9FFCD82F977D13E08B3A24 /* Project object */;
}
